// !$*UTF8*$!
{
	archiveVersion = 1;
	classes = {
	};
	objectVersion = 51;
	objects = {

/* Begin PBXBuildFile section */
		300E4499276CE2B400E0721F /* arrow.png in Resources */ = {isa = PBXBuildFile; fileRef = 300E4497276CE2B400E0721F /* arrow.png */; };
		300E449A276CE2B400E0721F /* arrow.png in Resources */ = {isa = PBXBuildFile; fileRef = 300E4497276CE2B400E0721F /* arrow.png */; };
		300E449B276CE2B400E0721F /* arrow.png in Resources */ = {isa = PBXBuildFile; fileRef = 300E4497276CE2B400E0721F /* arrow.png */; };
		3011E1CA1F00444500CB1DDC /* settings.ini in Resources */ = {isa = PBXBuildFile; fileRef = 3011E1C91F00444500CB1DDC /* settings.ini */; };
		3011E1CB1F00444500CB1DDC /* settings.ini in Resources */ = {isa = PBXBuildFile; fileRef = 3011E1C91F00444500CB1DDC /* settings.ini */; };
		3011E1CC1F00444500CB1DDC /* settings.ini in Resources */ = {isa = PBXBuildFile; fileRef = 3011E1C91F00444500CB1DDC /* settings.ini */; };
		3013FAAF1DDD20AC0069E2BD /* GameSample.cpp in Sources */ = {isa = PBXBuildFile; fileRef = 3013FAAD1DDD20AC0069E2BD /* GameSample.cpp */; };
		3013FAB01DDD20AC0069E2BD /* GameSample.cpp in Sources */ = {isa = PBXBuildFile; fileRef = 3013FAAD1DDD20AC0069E2BD /* GameSample.cpp */; };
		3013FAB11DDD20AC0069E2BD /* GameSample.cpp in Sources */ = {isa = PBXBuildFile; fileRef = 3013FAAD1DDD20AC0069E2BD /* GameSample.cpp */; };
		30224DEF1D78F4DB0067DE35 /* triangle.json in Resources */ = {isa = PBXBuildFile; fileRef = 30224DED1D78F4DB0067DE35 /* triangle.json */; };
		30224DF01D78F4DB0067DE35 /* triangle.json in Resources */ = {isa = PBXBuildFile; fileRef = 30224DED1D78F4DB0067DE35 /* triangle.json */; };
		30224DF11D78F4DB0067DE35 /* triangle.json in Resources */ = {isa = PBXBuildFile; fileRef = 30224DED1D78F4DB0067DE35 /* triangle.json */; };
		30224DF21D78F4DB0067DE35 /* triangle.png in Resources */ = {isa = PBXBuildFile; fileRef = 30224DEE1D78F4DB0067DE35 /* triangle.png */; };
		30224DF31D78F4DB0067DE35 /* triangle.png in Resources */ = {isa = PBXBuildFile; fileRef = 30224DEE1D78F4DB0067DE35 /* triangle.png */; };
		30224DF41D78F4DB0067DE35 /* triangle.png in Resources */ = {isa = PBXBuildFile; fileRef = 30224DEE1D78F4DB0067DE35 /* triangle.png */; };
		3031C1431F0C4A3B002CA717 /* music.ogg in Resources */ = {isa = PBXBuildFile; fileRef = 3031C1421F0C4A3B002CA717 /* music.ogg */; };
		3031C1441F0C4A3B002CA717 /* music.ogg in Resources */ = {isa = PBXBuildFile; fileRef = 3031C1421F0C4A3B002CA717 /* music.ogg */; };
		3031C1451F0C4A3B002CA717 /* music.ogg in Resources */ = {isa = PBXBuildFile; fileRef = 3031C1421F0C4A3B002CA717 /* music.ogg */; };
		30324D9D1CAFB20900601A64 /* lv.mo in Resources */ = {isa = PBXBuildFile; fileRef = 30324D9C1CAFB20900601A64 /* lv.mo */; };
		30324D9E1CAFB20900601A64 /* lv.mo in Resources */ = {isa = PBXBuildFile; fileRef = 30324D9C1CAFB20900601A64 /* lv.mo */; };
		30324D9F1CAFB20900601A64 /* lv.mo in Resources */ = {isa = PBXBuildFile; fileRef = 30324D9C1CAFB20900601A64 /* lv.mo */; };
		303647A11C418E4C0024DB5B /* Assets.xcassets in Resources */ = {isa = PBXBuildFile; fileRef = 3036479F1C414EF50024DB5B /* Assets.xcassets */; };
		303647A21C418E790024DB5B /* Assets.xcassets in Resources */ = {isa = PBXBuildFile; fileRef = 304A8E161C237B96008B1151 /* Assets.xcassets */; };
		303647A31C418E7C0024DB5B /* Assets.xcassets in Resources */ = {isa = PBXBuildFile; fileRef = 303647A01C414F120024DB5B /* Assets.xcassets */; };
		303B74EE1C27F6A100FEDE92 /* OpenGL.framework in Frameworks */ = {isa = PBXBuildFile; fileRef = 303B74ED1C27F6A100FEDE92 /* OpenGL.framework */; };
		303B74F31C27F6EB00FEDE92 /* Cocoa.framework in Frameworks */ = {isa = PBXBuildFile; fileRef = 303B74F21C27F6EB00FEDE92 /* Cocoa.framework */; };
		303B75091C286F8D00FEDE92 /* witch.png in Resources */ = {isa = PBXBuildFile; fileRef = 303B75081C286F8D00FEDE92 /* witch.png */; };
		303B751A1C29ED4200FEDE92 /* main.cpp in Sources */ = {isa = PBXBuildFile; fileRef = 303B75181C29EB8400FEDE92 /* main.cpp */; };
		303B75ED1C33581700FEDE92 /* run.json in Resources */ = {isa = PBXBuildFile; fileRef = 303B75EB1C33581700FEDE92 /* run.json */; };
		303B75EE1C33581700FEDE92 /* run.png in Resources */ = {isa = PBXBuildFile; fileRef = 303B75EC1C33581700FEDE92 /* run.png */; };
		303B75F71C33756100FEDE92 /* fire.json in Resources */ = {isa = PBXBuildFile; fileRef = 303B75F51C33756100FEDE92 /* fire.json */; };
		303B75F81C33756100FEDE92 /* fire.png in Resources */ = {isa = PBXBuildFile; fileRef = 303B75F61C33756100FEDE92 /* fire.png */; };
		303B76031C349CA800FEDE92 /* flame.json in Resources */ = {isa = PBXBuildFile; fileRef = 303B76011C349CA800FEDE92 /* flame.json */; };
		303B76041C349CA800FEDE92 /* flame.png in Resources */ = {isa = PBXBuildFile; fileRef = 303B76021C349CA800FEDE92 /* flame.png */; };
		303B760F1C34CFE300FEDE92 /* main.cpp in Sources */ = {isa = PBXBuildFile; fileRef = 303B75181C29EB8400FEDE92 /* main.cpp */; };
		303B76161C34CFE300FEDE92 /* flame.png in Resources */ = {isa = PBXBuildFile; fileRef = 303B76021C349CA800FEDE92 /* flame.png */; };
		303B76171C34CFE300FEDE92 /* witch.png in Resources */ = {isa = PBXBuildFile; fileRef = 303B75081C286F8D00FEDE92 /* witch.png */; };
		303B76181C34CFE300FEDE92 /* flame.json in Resources */ = {isa = PBXBuildFile; fileRef = 303B76011C349CA800FEDE92 /* flame.json */; };
		303B76191C34CFE300FEDE92 /* fire.json in Resources */ = {isa = PBXBuildFile; fileRef = 303B75F51C33756100FEDE92 /* fire.json */; };
		303B761A1C34CFE300FEDE92 /* run.json in Resources */ = {isa = PBXBuildFile; fileRef = 303B75EB1C33581700FEDE92 /* run.json */; };
		303B761B1C34CFE300FEDE92 /* run.png in Resources */ = {isa = PBXBuildFile; fileRef = 303B75EC1C33581700FEDE92 /* run.png */; };
		303B761C1C34CFE300FEDE92 /* fire.png in Resources */ = {isa = PBXBuildFile; fileRef = 303B75F61C33756100FEDE92 /* fire.png */; };
		303B768E1C355AA400FEDE92 /* main.cpp in Sources */ = {isa = PBXBuildFile; fileRef = 303B75181C29EB8400FEDE92 /* main.cpp */; };
		303B76961C355AA400FEDE92 /* flame.png in Resources */ = {isa = PBXBuildFile; fileRef = 303B76021C349CA800FEDE92 /* flame.png */; };
		303B76971C355AA400FEDE92 /* witch.png in Resources */ = {isa = PBXBuildFile; fileRef = 303B75081C286F8D00FEDE92 /* witch.png */; };
		303B76981C355AA400FEDE92 /* flame.json in Resources */ = {isa = PBXBuildFile; fileRef = 303B76011C349CA800FEDE92 /* flame.json */; };
		303B76991C355AA400FEDE92 /* fire.json in Resources */ = {isa = PBXBuildFile; fileRef = 303B75F51C33756100FEDE92 /* fire.json */; };
		303B769A1C355AA400FEDE92 /* run.json in Resources */ = {isa = PBXBuildFile; fileRef = 303B75EB1C33581700FEDE92 /* run.json */; };
		303B769B1C355AA400FEDE92 /* run.png in Resources */ = {isa = PBXBuildFile; fileRef = 303B75EC1C33581700FEDE92 /* run.png */; };
		303B769C1C355AA400FEDE92 /* fire.png in Resources */ = {isa = PBXBuildFile; fileRef = 303B75F61C33756100FEDE92 /* fire.png */; };
		30419E3D1D1A106000A63759 /* AudioToolbox.framework in Frameworks */ = {isa = PBXBuildFile; fileRef = 30419E3C1D1A106000A63759 /* AudioToolbox.framework */; };
		30419E3F1D1A106900A63759 /* AudioToolbox.framework in Frameworks */ = {isa = PBXBuildFile; fileRef = 30419E3E1D1A106900A63759 /* AudioToolbox.framework */; };
		30419E5B1D1D530D00A63759 /* SoundSample.cpp in Sources */ = {isa = PBXBuildFile; fileRef = 30419E591D1D530D00A63759 /* SoundSample.cpp */; };
		30419E5C1D1D530D00A63759 /* SoundSample.cpp in Sources */ = {isa = PBXBuildFile; fileRef = 30419E591D1D530D00A63759 /* SoundSample.cpp */; };
		30419E5D1D1D530D00A63759 /* SoundSample.cpp in Sources */ = {isa = PBXBuildFile; fileRef = 30419E591D1D530D00A63759 /* SoundSample.cpp */; };
		30419E5F1D1D541900A63759 /* jump.wav in Resources */ = {isa = PBXBuildFile; fileRef = 30419E5E1D1D541900A63759 /* jump.wav */; };
		30419E601D1D541900A63759 /* jump.wav in Resources */ = {isa = PBXBuildFile; fileRef = 30419E5E1D1D541900A63759 /* jump.wav */; };
		30419E611D1D541900A63759 /* jump.wav in Resources */ = {isa = PBXBuildFile; fileRef = 30419E5E1D1D541900A63759 /* jump.wav */; };
		30419E631D1F3DED00A63759 /* AudioToolbox.framework in Frameworks */ = {isa = PBXBuildFile; fileRef = 30419E621D1F3DED00A63759 /* AudioToolbox.framework */; };
		30419E651D1F6A7600A63759 /* ambient.wav in Resources */ = {isa = PBXBuildFile; fileRef = 30419E641D1F6A7600A63759 /* ambient.wav */; };
		30419E661D1F6A7600A63759 /* ambient.wav in Resources */ = {isa = PBXBuildFile; fileRef = 30419E641D1F6A7600A63759 /* ambient.wav */; };
		30419E671D1F6A7600A63759 /* ambient.wav in Resources */ = {isa = PBXBuildFile; fileRef = 30419E641D1F6A7600A63759 /* ambient.wav */; };
		30419E691D1F726C00A63759 /* AVFoundation.framework in Frameworks */ = {isa = PBXBuildFile; fileRef = 30419E681D1F726C00A63759 /* AVFoundation.framework */; };
		30419E6B1D1F736800A63759 /* AVFoundation.framework in Frameworks */ = {isa = PBXBuildFile; fileRef = 30419E6A1D1F736800A63759 /* AVFoundation.framework */; };
		30419E861D202DAB00A63759 /* OpenAL.framework in Frameworks */ = {isa = PBXBuildFile; fileRef = 30419E851D202DAB00A63759 /* OpenAL.framework */; };
		30419E881D202DB500A63759 /* OpenAL.framework in Frameworks */ = {isa = PBXBuildFile; fileRef = 30419E871D202DB500A63759 /* OpenAL.framework */; };
		30419E8A1D202DC000A63759 /* OpenAL.framework in Frameworks */ = {isa = PBXBuildFile; fileRef = 30419E891D202DC000A63759 /* OpenAL.framework */; };
		3045F0A81D0C2E4500125436 /* MainMenu.cpp in Sources */ = {isa = PBXBuildFile; fileRef = 3045F0A61D0C2E4500125436 /* MainMenu.cpp */; };
		3045F0A91D0C2E4500125436 /* MainMenu.cpp in Sources */ = {isa = PBXBuildFile; fileRef = 3045F0A61D0C2E4500125436 /* MainMenu.cpp */; };
		3045F0AA1D0C2E4500125436 /* MainMenu.cpp in Sources */ = {isa = PBXBuildFile; fileRef = 3045F0A61D0C2E4500125436 /* MainMenu.cpp */; };
		3045F0B01D0D95BC00125436 /* RTSample.cpp in Sources */ = {isa = PBXBuildFile; fileRef = 3045F0AE1D0D95BC00125436 /* RTSample.cpp */; };
		3045F0B11D0D95BC00125436 /* RTSample.cpp in Sources */ = {isa = PBXBuildFile; fileRef = 3045F0AE1D0D95BC00125436 /* RTSample.cpp */; };
		3045F0B21D0D95BC00125436 /* RTSample.cpp in Sources */ = {isa = PBXBuildFile; fileRef = 3045F0AE1D0D95BC00125436 /* RTSample.cpp */; };
		3045F0B51D0D95CA00125436 /* GUISample.cpp in Sources */ = {isa = PBXBuildFile; fileRef = 3045F0B31D0D95CA00125436 /* GUISample.cpp */; };
		3045F0B61D0D95CA00125436 /* GUISample.cpp in Sources */ = {isa = PBXBuildFile; fileRef = 3045F0B31D0D95CA00125436 /* GUISample.cpp */; };
		3045F0B71D0D95CA00125436 /* GUISample.cpp in Sources */ = {isa = PBXBuildFile; fileRef = 3045F0B31D0D95CA00125436 /* GUISample.cpp */; };
		3045F0C21D0E103100125436 /* SpritesSample.cpp in Sources */ = {isa = PBXBuildFile; fileRef = 3045F0C01D0E103100125436 /* SpritesSample.cpp */; };
		3045F0C31D0E103100125436 /* SpritesSample.cpp in Sources */ = {isa = PBXBuildFile; fileRef = 3045F0C01D0E103100125436 /* SpritesSample.cpp */; };
		3045F0C41D0E103100125436 /* SpritesSample.cpp in Sources */ = {isa = PBXBuildFile; fileRef = 3045F0C01D0E103100125436 /* SpritesSample.cpp */; };
		3045F0CA1D0F24B800125436 /* AnimationsSample.cpp in Sources */ = {isa = PBXBuildFile; fileRef = 3045F0C81D0F24B800125436 /* AnimationsSample.cpp */; };
		3045F0CB1D0F24B800125436 /* AnimationsSample.cpp in Sources */ = {isa = PBXBuildFile; fileRef = 3045F0C81D0F24B800125436 /* AnimationsSample.cpp */; };
		3045F0CC1D0F24B800125436 /* AnimationsSample.cpp in Sources */ = {isa = PBXBuildFile; fileRef = 3045F0C81D0F24B800125436 /* AnimationsSample.cpp */; };
		3045F0CF1D0F24F600125436 /* InputSample.cpp in Sources */ = {isa = PBXBuildFile; fileRef = 3045F0CD1D0F24F600125436 /* InputSample.cpp */; };
		3045F0D01D0F24F600125436 /* InputSample.cpp in Sources */ = {isa = PBXBuildFile; fileRef = 3045F0CD1D0F24F600125436 /* InputSample.cpp */; };
		3045F0D11D0F24F600125436 /* InputSample.cpp in Sources */ = {isa = PBXBuildFile; fileRef = 3045F0CD1D0F24F600125436 /* InputSample.cpp */; };
		3045F0DB1D0F575F00125436 /* ball.png in Resources */ = {isa = PBXBuildFile; fileRef = 3045F0DA1D0F575F00125436 /* ball.png */; };
		3045F0DC1D0F575F00125436 /* ball.png in Resources */ = {isa = PBXBuildFile; fileRef = 3045F0DA1D0F575F00125436 /* ball.png */; };
		3045F0DD1D0F575F00125436 /* ball.png in Resources */ = {isa = PBXBuildFile; fileRef = 3045F0DA1D0F575F00125436 /* ball.png */; };
		304659F11E996AAD00D7FEA0 /* QuartzCore.framework in Frameworks */ = {isa = PBXBuildFile; fileRef = 304659F01E996AAD00D7FEA0 /* QuartzCore.framework */; };
		304736CD1E0AD89E009BC562 /* PerspectiveSample.cpp in Sources */ = {isa = PBXBuildFile; fileRef = 304736CB1E0AD89E009BC562 /* PerspectiveSample.cpp */; };
		304736CE1E0AD89E009BC562 /* PerspectiveSample.cpp in Sources */ = {isa = PBXBuildFile; fileRef = 304736CB1E0AD89E009BC562 /* PerspectiveSample.cpp */; };
		304736CF1E0AD89E009BC562 /* PerspectiveSample.cpp in Sources */ = {isa = PBXBuildFile; fileRef = 304736CB1E0AD89E009BC562 /* PerspectiveSample.cpp */; };
		304736D41E0AE4CE009BC562 /* floor.jpg in Resources */ = {isa = PBXBuildFile; fileRef = 304736D31E0AE4CE009BC562 /* floor.jpg */; };
		304736D51E0AE4CE009BC562 /* floor.jpg in Resources */ = {isa = PBXBuildFile; fileRef = 304736D31E0AE4CE009BC562 /* floor.jpg */; };
		304736D61E0AE4CE009BC562 /* floor.jpg in Resources */ = {isa = PBXBuildFile; fileRef = 304736D31E0AE4CE009BC562 /* floor.jpg */; };
		3049DCEF1EDF865B0000997A /* cursor.png in Resources */ = {isa = PBXBuildFile; fileRef = 3049DCEE1EDF865B0000997A /* cursor.png */; };
		3049DCF01EDF865B0000997A /* cursor.png in Resources */ = {isa = PBXBuildFile; fileRef = 3049DCEE1EDF865B0000997A /* cursor.png */; };
		3049DCF11EDF865B0000997A /* cursor.png in Resources */ = {isa = PBXBuildFile; fileRef = 3049DCEE1EDF865B0000997A /* cursor.png */; };
		30519CFF1F9D525700AF3DC4 /* cube.mtl in Resources */ = {isa = PBXBuildFile; fileRef = 30C2C3411F817E5100B3AAC2 /* cube.mtl */; };
		30519D031F9D525700AF3DC4 /* cube.mtl in Resources */ = {isa = PBXBuildFile; fileRef = 30C2C3411F817E5100B3AAC2 /* cube.mtl */; };
		30519D041F9D525800AF3DC4 /* cube.mtl in Resources */ = {isa = PBXBuildFile; fileRef = 30C2C3411F817E5100B3AAC2 /* cube.mtl */; };
		30519D051F9D525B00AF3DC4 /* cube.obj in Resources */ = {isa = PBXBuildFile; fileRef = 30C2C33D1F817E5000B3AAC2 /* cube.obj */; };
		30519D061F9D525B00AF3DC4 /* cube.obj in Resources */ = {isa = PBXBuildFile; fileRef = 30C2C33D1F817E5000B3AAC2 /* cube.obj */; };
		30519D071F9D525B00AF3DC4 /* cube.obj in Resources */ = {isa = PBXBuildFile; fileRef = 30C2C33D1F817E5000B3AAC2 /* cube.obj */; };
		30519D091F9D766E00AF3DC4 /* cube.png in Resources */ = {isa = PBXBuildFile; fileRef = 30C2C3421F817E5100B3AAC2 /* cube.png */; };
		30519D0A1F9D766F00AF3DC4 /* cube.png in Resources */ = {isa = PBXBuildFile; fileRef = 30C2C3421F817E5100B3AAC2 /* cube.png */; };
		30519D0B1F9D766F00AF3DC4 /* cube.png in Resources */ = {isa = PBXBuildFile; fileRef = 30C2C3421F817E5100B3AAC2 /* cube.png */; };
		305F6DBB1C66C50000B76A03 /* CoreVideo.framework in Frameworks */ = {isa = PBXBuildFile; fileRef = 305F6DBA1C66C50000B76A03 /* CoreVideo.framework */; };
		30647D931D7D94EC00DC7E61 /* libouzel_macos.a in Frameworks */ = {isa = PBXBuildFile; fileRef = 30B492A71CDF81700021E170 /* libouzel_macos.a */; };
		307F9FF81F1E878D00BA73CB /* GameController.framework in Frameworks */ = {isa = PBXBuildFile; fileRef = 30575AE71C3C98F50009C8A7 /* GameController.framework */; };
		3089900622F1154A001C13F2 /* 8-bit.json in Resources */ = {isa = PBXBuildFile; fileRef = 3089900422F1154A001C13F2 /* 8-bit.json */; };
		3089900722F1154A001C13F2 /* 8-bit.json in Resources */ = {isa = PBXBuildFile; fileRef = 3089900422F1154A001C13F2 /* 8-bit.json */; };
		3089900822F1154A001C13F2 /* 8-bit.json in Resources */ = {isa = PBXBuildFile; fileRef = 3089900422F1154A001C13F2 /* 8-bit.json */; };
		3098A5481E9FD54000528A54 /* UIKit.framework in Frameworks */ = {isa = PBXBuildFile; fileRef = 30AFE1521CB5DD0400478AA2 /* UIKit.framework */; };
		3098A5491E9FD56A00528A54 /* Foundation.framework in Frameworks */ = {isa = PBXBuildFile; fileRef = 30AFE14C1CB5DCDC00478AA2 /* Foundation.framework */; };
		3098A5501EA01B4B00528A54 /* IOKit.framework in Frameworks */ = {isa = PBXBuildFile; fileRef = 3098A54F1EA01B4B00528A54 /* IOKit.framework */; };
		309BA31A1F184198006F2240 /* CoreAudio.framework in Frameworks */ = {isa = PBXBuildFile; fileRef = 309BA3191F184198006F2240 /* CoreAudio.framework */; };
		309BA31E1F1841E8006F2240 /* AudioUnit.framework in Frameworks */ = {isa = PBXBuildFile; fileRef = 309BA31D1F1841E8006F2240 /* AudioUnit.framework */; };
		30A883571E70E004004A033F /* 8-bit.wav in Resources */ = {isa = PBXBuildFile; fileRef = 30A883561E70E004004A033F /* 8-bit.wav */; };
		30A883581E70E004004A033F /* 8-bit.wav in Resources */ = {isa = PBXBuildFile; fileRef = 30A883561E70E004004A033F /* 8-bit.wav */; };
		30A883591E70E004004A033F /* 8-bit.wav in Resources */ = {isa = PBXBuildFile; fileRef = 30A883561E70E004004A033F /* 8-bit.wav */; };
		30A8835E1E70E5B1004A033F /* 24-bit.wav in Resources */ = {isa = PBXBuildFile; fileRef = 30A8835D1E70E5B1004A033F /* 24-bit.wav */; };
		30A8835F1E70E5B1004A033F /* 24-bit.wav in Resources */ = {isa = PBXBuildFile; fileRef = 30A8835D1E70E5B1004A033F /* 24-bit.wav */; };
		30A883601E70E5B1004A033F /* 24-bit.wav in Resources */ = {isa = PBXBuildFile; fileRef = 30A8835D1E70E5B1004A033F /* 24-bit.wav */; };
		30AFE1321CB5DC2B00478AA2 /* Metal.framework in Frameworks */ = {isa = PBXBuildFile; fileRef = 30AFE1311CB5DC2B00478AA2 /* Metal.framework */; };
		30AFE13A1CB5DC6000478AA2 /* Metal.framework in Frameworks */ = {isa = PBXBuildFile; fileRef = 30AFE1381CB5DC6000478AA2 /* Metal.framework */; };
		30AFE13E1CB5DC6F00478AA2 /* Metal.framework in Frameworks */ = {isa = PBXBuildFile; fileRef = 30AFE13C1CB5DC6F00478AA2 /* Metal.framework */; };
		30AFE1411CB5DC7B00478AA2 /* Foundation.framework in Frameworks */ = {isa = PBXBuildFile; fileRef = 30AFE1401CB5DC7B00478AA2 /* Foundation.framework */; };
		30AFE1431CB5DC8700478AA2 /* GameController.framework in Frameworks */ = {isa = PBXBuildFile; fileRef = 30AFE1421CB5DC8700478AA2 /* GameController.framework */; };
		30AFE1451CB5DC9300478AA2 /* OpenGLES.framework in Frameworks */ = {isa = PBXBuildFile; fileRef = 30AFE1441CB5DC9300478AA2 /* OpenGLES.framework */; };
		30AFE1471CB5DC9C00478AA2 /* QuartzCore.framework in Frameworks */ = {isa = PBXBuildFile; fileRef = 30AFE1461CB5DC9C00478AA2 /* QuartzCore.framework */; };
		30AFE1491CB5DCA400478AA2 /* UIKit.framework in Frameworks */ = {isa = PBXBuildFile; fileRef = 30AFE1481CB5DCA400478AA2 /* UIKit.framework */; };
		30AFE14B1CB5DCBD00478AA2 /* GameController.framework in Frameworks */ = {isa = PBXBuildFile; fileRef = 30AFE14A1CB5DCBD00478AA2 /* GameController.framework */; };
		30AFE14F1CB5DCF100478AA2 /* OpenGLES.framework in Frameworks */ = {isa = PBXBuildFile; fileRef = 30AFE14E1CB5DCF100478AA2 /* OpenGLES.framework */; };
		30AFE1511CB5DCF900478AA2 /* QuartzCore.framework in Frameworks */ = {isa = PBXBuildFile; fileRef = 30AFE1501CB5DCF900478AA2 /* QuartzCore.framework */; };
		30B492AD1CDF81C70021E170 /* libouzel_ios.a in Frameworks */ = {isa = PBXBuildFile; fileRef = 30B492A91CDF81700021E170 /* libouzel_ios.a */; };
		30B492AE1CDF81CA0021E170 /* libouzel_tvos.a in Frameworks */ = {isa = PBXBuildFile; fileRef = 30B492AB1CDF81700021E170 /* libouzel_tvos.a */; };
		30B8599B1F3D377700A16952 /* AmosisTechnik.ttf in Resources */ = {isa = PBXBuildFile; fileRef = 30B8599A1F3D377700A16952 /* AmosisTechnik.ttf */; };
		30B8599C1F3D377700A16952 /* AmosisTechnik.ttf in Resources */ = {isa = PBXBuildFile; fileRef = 30B8599A1F3D377700A16952 /* AmosisTechnik.ttf */; };
		30B8599D1F3D377700A16952 /* AmosisTechnik.ttf in Resources */ = {isa = PBXBuildFile; fileRef = 30B8599A1F3D377700A16952 /* AmosisTechnik.ttf */; };
		30C246FB211E0B98001E8DA6 /* assets.json in Resources */ = {isa = PBXBuildFile; fileRef = 30C246FA211E0B98001E8DA6 /* assets.json */; };
		30C246FD211E0CD1001E8DA6 /* assets.json in Resources */ = {isa = PBXBuildFile; fileRef = 30C246FA211E0B98001E8DA6 /* assets.json */; };
		30C246FE211E0CD1001E8DA6 /* assets.json in Resources */ = {isa = PBXBuildFile; fileRef = 30C246FA211E0B98001E8DA6 /* assets.json */; };
		30E1906920D08AB500C79662 /* gui.zip in Resources */ = {isa = PBXBuildFile; fileRef = 30E1906820D08AB400C79662 /* gui.zip */; };
		30E1906A20D08AB500C79662 /* gui.zip in Resources */ = {isa = PBXBuildFile; fileRef = 30E1906820D08AB400C79662 /* gui.zip */; };
		30E1906B20D08AB500C79662 /* gui.zip in Resources */ = {isa = PBXBuildFile; fileRef = 30E1906820D08AB400C79662 /* gui.zip */; };
/* End PBXBuildFile section */

/* Begin PBXContainerItemProxy section */
		300902ED218BC64600B00BF4 /* PBXContainerItemProxy */ = {
			isa = PBXContainerItemProxy;
			containerPortal = 30B492A01CDF816F0021E170 /* libouzel.xcodeproj */;
			proxyType = 1;
			remoteGlobalIDString = 304A8E241C237C30008B1151;
			remoteInfo = libouzel_macos;
		};
		300902EF218BC64C00B00BF4 /* PBXContainerItemProxy */ = {
			isa = PBXContainerItemProxy;
			containerPortal = 30B492A01CDF816F0021E170 /* libouzel.xcodeproj */;
			proxyType = 1;
			remoteGlobalIDString = 303B76321C355A3B00FEDE92;
			remoteInfo = libouzel_tvos;
		};
		300902F1218BC65300B00BF4 /* PBXContainerItemProxy */ = {
			isa = PBXContainerItemProxy;
			containerPortal = 30B492A01CDF816F0021E170 /* libouzel.xcodeproj */;
			proxyType = 1;
			remoteGlobalIDString = 303B75321C2A3C5800FEDE92;
			remoteInfo = libouzel_ios;
		};
		30805D8E244D2E11006C86B7 /* PBXContainerItemProxy */ = {
			isa = PBXContainerItemProxy;
			containerPortal = 30805D8A244D2E11006C86B7 /* ouzel.xcodeproj */;
			proxyType = 2;
			remoteGlobalIDString = 3023200D22220BCF007E0AAD;
			remoteInfo = ouzel;
		};
		30B492A61CDF81700021E170 /* PBXContainerItemProxy */ = {
			isa = PBXContainerItemProxy;
			containerPortal = 30B492A01CDF816F0021E170 /* libouzel.xcodeproj */;
			proxyType = 2;
			remoteGlobalIDString = 304A8E251C237C30008B1151;
			remoteInfo = libouzel_macos;
		};
		30B492A81CDF81700021E170 /* PBXContainerItemProxy */ = {
			isa = PBXContainerItemProxy;
			containerPortal = 30B492A01CDF816F0021E170 /* libouzel.xcodeproj */;
			proxyType = 2;
			remoteGlobalIDString = 303B75331C2A3C5800FEDE92;
			remoteInfo = libouzel_ios;
		};
		30B492AA1CDF81700021E170 /* PBXContainerItemProxy */ = {
			isa = PBXContainerItemProxy;
			containerPortal = 30B492A01CDF816F0021E170 /* libouzel.xcodeproj */;
			proxyType = 2;
			remoteGlobalIDString = 303B76801C355A3B00FEDE92;
			remoteInfo = libouzel_tvos;
		};
/* End PBXContainerItemProxy section */

/* Begin PBXFileReference section */
		300E4497276CE2B400E0721F /* arrow.png */ = {isa = PBXFileReference; lastKnownFileType = image.png; path = arrow.png; sourceTree = "<group>"; };
		3011E1C91F00444500CB1DDC /* settings.ini */ = {isa = PBXFileReference; fileEncoding = 4; lastKnownFileType = text; path = settings.ini; sourceTree = SOURCE_ROOT; };
		3013FAAD1DDD20AC0069E2BD /* GameSample.cpp */ = {isa = PBXFileReference; fileEncoding = 4; lastKnownFileType = sourcecode.cpp.cpp; path = GameSample.cpp; sourceTree = "<group>"; };
		3013FAAE1DDD20AC0069E2BD /* GameSample.hpp */ = {isa = PBXFileReference; fileEncoding = 4; lastKnownFileType = sourcecode.cpp.h; path = GameSample.hpp; sourceTree = "<group>"; };
		30224DED1D78F4DB0067DE35 /* triangle.json */ = {isa = PBXFileReference; fileEncoding = 4; lastKnownFileType = text.json; path = triangle.json; sourceTree = "<group>"; };
		30224DEE1D78F4DB0067DE35 /* triangle.png */ = {isa = PBXFileReference; lastKnownFileType = image.png; path = triangle.png; sourceTree = "<group>"; };
		3031C1421F0C4A3B002CA717 /* music.ogg */ = {isa = PBXFileReference; lastKnownFileType = file; path = music.ogg; sourceTree = "<group>"; };
		30324D9C1CAFB20900601A64 /* lv.mo */ = {isa = PBXFileReference; lastKnownFileType = file; path = lv.mo; sourceTree = "<group>"; };
		3036479F1C414EF50024DB5B /* Assets.xcassets */ = {isa = PBXFileReference; lastKnownFileType = folder.assetcatalog; path = Assets.xcassets; sourceTree = "<group>"; };
		303647A01C414F120024DB5B /* Assets.xcassets */ = {isa = PBXFileReference; lastKnownFileType = folder.assetcatalog; path = Assets.xcassets; sourceTree = "<group>"; };
		303B74ED1C27F6A100FEDE92 /* OpenGL.framework */ = {isa = PBXFileReference; lastKnownFileType = wrapper.framework; name = OpenGL.framework; path = System/Library/Frameworks/OpenGL.framework; sourceTree = SDKROOT; };
		303B74F21C27F6EB00FEDE92 /* Cocoa.framework */ = {isa = PBXFileReference; lastKnownFileType = wrapper.framework; name = Cocoa.framework; path = System/Library/Frameworks/Cocoa.framework; sourceTree = SDKROOT; };
		303B75081C286F8D00FEDE92 /* witch.png */ = {isa = PBXFileReference; lastKnownFileType = image.png; path = witch.png; sourceTree = "<group>"; };
		303B75181C29EB8400FEDE92 /* main.cpp */ = {isa = PBXFileReference; fileEncoding = 4; lastKnownFileType = sourcecode.cpp.cpp; path = main.cpp; sourceTree = "<group>"; };
		303B75EB1C33581700FEDE92 /* run.json */ = {isa = PBXFileReference; fileEncoding = 4; lastKnownFileType = text.json; path = run.json; sourceTree = "<group>"; };
		303B75EC1C33581700FEDE92 /* run.png */ = {isa = PBXFileReference; lastKnownFileType = image.png; path = run.png; sourceTree = "<group>"; };
		303B75F51C33756100FEDE92 /* fire.json */ = {isa = PBXFileReference; fileEncoding = 4; lastKnownFileType = text.json; path = fire.json; sourceTree = "<group>"; };
		303B75F61C33756100FEDE92 /* fire.png */ = {isa = PBXFileReference; lastKnownFileType = image.png; path = fire.png; sourceTree = "<group>"; };
		303B76011C349CA800FEDE92 /* flame.json */ = {isa = PBXFileReference; fileEncoding = 4; lastKnownFileType = text.json; path = flame.json; sourceTree = "<group>"; };
		303B76021C349CA800FEDE92 /* flame.png */ = {isa = PBXFileReference; lastKnownFileType = image.png; path = flame.png; sourceTree = "<group>"; };
		303B76201C34CFE300FEDE92 /* samples_ios.app */ = {isa = PBXFileReference; explicitFileType = wrapper.application; includeInIndex = 0; path = samples_ios.app; sourceTree = BUILT_PRODUCTS_DIR; };
		303B762B1C34D22700FEDE92 /* Info.plist */ = {isa = PBXFileReference; lastKnownFileType = text.plist.xml; path = Info.plist; sourceTree = "<group>"; };
		303B76A01C355AA400FEDE92 /* samples_tvos.app */ = {isa = PBXFileReference; explicitFileType = wrapper.application; includeInIndex = 0; path = samples_tvos.app; sourceTree = BUILT_PRODUCTS_DIR; };
		30419E3C1D1A106000A63759 /* AudioToolbox.framework */ = {isa = PBXFileReference; lastKnownFileType = wrapper.framework; name = AudioToolbox.framework; path = Platforms/AppleTVOS.platform/Developer/SDKs/AppleTVOS9.2.sdk/System/Library/Frameworks/AudioToolbox.framework; sourceTree = DEVELOPER_DIR; };
		30419E3E1D1A106900A63759 /* AudioToolbox.framework */ = {isa = PBXFileReference; lastKnownFileType = wrapper.framework; name = AudioToolbox.framework; path = Platforms/iPhoneOS.platform/Developer/SDKs/iPhoneOS9.3.sdk/System/Library/Frameworks/AudioToolbox.framework; sourceTree = DEVELOPER_DIR; };
		30419E591D1D530D00A63759 /* SoundSample.cpp */ = {isa = PBXFileReference; fileEncoding = 4; lastKnownFileType = sourcecode.cpp.cpp; path = SoundSample.cpp; sourceTree = "<group>"; };
		30419E5A1D1D530D00A63759 /* SoundSample.hpp */ = {isa = PBXFileReference; fileEncoding = 4; lastKnownFileType = sourcecode.cpp.h; path = SoundSample.hpp; sourceTree = "<group>"; };
		30419E5E1D1D541900A63759 /* jump.wav */ = {isa = PBXFileReference; lastKnownFileType = audio.wav; path = jump.wav; sourceTree = "<group>"; };
		30419E621D1F3DED00A63759 /* AudioToolbox.framework */ = {isa = PBXFileReference; lastKnownFileType = wrapper.framework; name = AudioToolbox.framework; path = System/Library/Frameworks/AudioToolbox.framework; sourceTree = SDKROOT; };
		30419E641D1F6A7600A63759 /* ambient.wav */ = {isa = PBXFileReference; lastKnownFileType = audio.wav; path = ambient.wav; sourceTree = "<group>"; };
		30419E681D1F726C00A63759 /* AVFoundation.framework */ = {isa = PBXFileReference; lastKnownFileType = wrapper.framework; name = AVFoundation.framework; path = Platforms/iPhoneOS.platform/Developer/SDKs/iPhoneOS9.3.sdk/System/Library/Frameworks/AVFoundation.framework; sourceTree = DEVELOPER_DIR; };
		30419E6A1D1F736800A63759 /* AVFoundation.framework */ = {isa = PBXFileReference; lastKnownFileType = wrapper.framework; name = AVFoundation.framework; path = Platforms/AppleTVOS.platform/Developer/SDKs/AppleTVOS9.2.sdk/System/Library/Frameworks/AVFoundation.framework; sourceTree = DEVELOPER_DIR; };
		30419E851D202DAB00A63759 /* OpenAL.framework */ = {isa = PBXFileReference; lastKnownFileType = wrapper.framework; name = OpenAL.framework; path = System/Library/Frameworks/OpenAL.framework; sourceTree = SDKROOT; };
		30419E871D202DB500A63759 /* OpenAL.framework */ = {isa = PBXFileReference; lastKnownFileType = wrapper.framework; name = OpenAL.framework; path = Platforms/iPhoneOS.platform/Developer/SDKs/iPhoneOS9.3.sdk/System/Library/Frameworks/OpenAL.framework; sourceTree = DEVELOPER_DIR; };
		30419E891D202DC000A63759 /* OpenAL.framework */ = {isa = PBXFileReference; lastKnownFileType = wrapper.framework; name = OpenAL.framework; path = Platforms/AppleTVOS.platform/Developer/SDKs/AppleTVOS9.2.sdk/System/Library/Frameworks/OpenAL.framework; sourceTree = DEVELOPER_DIR; };
		3045F0A61D0C2E4500125436 /* MainMenu.cpp */ = {isa = PBXFileReference; fileEncoding = 4; lastKnownFileType = sourcecode.cpp.cpp; path = MainMenu.cpp; sourceTree = "<group>"; };
		3045F0A71D0C2E4500125436 /* MainMenu.hpp */ = {isa = PBXFileReference; fileEncoding = 4; lastKnownFileType = sourcecode.cpp.h; path = MainMenu.hpp; sourceTree = "<group>"; };
		3045F0AE1D0D95BC00125436 /* RTSample.cpp */ = {isa = PBXFileReference; fileEncoding = 4; lastKnownFileType = sourcecode.cpp.cpp; path = RTSample.cpp; sourceTree = "<group>"; };
		3045F0AF1D0D95BC00125436 /* RTSample.hpp */ = {isa = PBXFileReference; fileEncoding = 4; lastKnownFileType = sourcecode.cpp.h; path = RTSample.hpp; sourceTree = "<group>"; };
		3045F0B31D0D95CA00125436 /* GUISample.cpp */ = {isa = PBXFileReference; fileEncoding = 4; lastKnownFileType = sourcecode.cpp.cpp; path = GUISample.cpp; sourceTree = "<group>"; };
		3045F0B41D0D95CA00125436 /* GUISample.hpp */ = {isa = PBXFileReference; fileEncoding = 4; lastKnownFileType = sourcecode.cpp.h; path = GUISample.hpp; sourceTree = "<group>"; };
		3045F0C01D0E103100125436 /* SpritesSample.cpp */ = {isa = PBXFileReference; fileEncoding = 4; lastKnownFileType = sourcecode.cpp.cpp; path = SpritesSample.cpp; sourceTree = "<group>"; };
		3045F0C11D0E103100125436 /* SpritesSample.hpp */ = {isa = PBXFileReference; fileEncoding = 4; lastKnownFileType = sourcecode.cpp.h; path = SpritesSample.hpp; sourceTree = "<group>"; };
		3045F0C81D0F24B800125436 /* AnimationsSample.cpp */ = {isa = PBXFileReference; fileEncoding = 4; lastKnownFileType = sourcecode.cpp.cpp; path = AnimationsSample.cpp; sourceTree = "<group>"; };
		3045F0C91D0F24B800125436 /* AnimationsSample.hpp */ = {isa = PBXFileReference; fileEncoding = 4; lastKnownFileType = sourcecode.cpp.h; path = AnimationsSample.hpp; sourceTree = "<group>"; };
		3045F0CD1D0F24F600125436 /* InputSample.cpp */ = {isa = PBXFileReference; fileEncoding = 4; lastKnownFileType = sourcecode.cpp.cpp; path = InputSample.cpp; sourceTree = "<group>"; };
		3045F0CE1D0F24F600125436 /* InputSample.hpp */ = {isa = PBXFileReference; fileEncoding = 4; lastKnownFileType = sourcecode.cpp.h; path = InputSample.hpp; sourceTree = "<group>"; };
		3045F0DA1D0F575F00125436 /* ball.png */ = {isa = PBXFileReference; lastKnownFileType = image.png; path = ball.png; sourceTree = "<group>"; };
		304659F01E996AAD00D7FEA0 /* QuartzCore.framework */ = {isa = PBXFileReference; lastKnownFileType = wrapper.framework; name = QuartzCore.framework; path = System/Library/Frameworks/QuartzCore.framework; sourceTree = SDKROOT; };
		304736CB1E0AD89E009BC562 /* PerspectiveSample.cpp */ = {isa = PBXFileReference; fileEncoding = 4; lastKnownFileType = sourcecode.cpp.cpp; path = PerspectiveSample.cpp; sourceTree = "<group>"; };
		304736CC1E0AD89E009BC562 /* PerspectiveSample.hpp */ = {isa = PBXFileReference; fileEncoding = 4; lastKnownFileType = sourcecode.cpp.h; path = PerspectiveSample.hpp; sourceTree = "<group>"; };
		304736D31E0AE4CE009BC562 /* floor.jpg */ = {isa = PBXFileReference; lastKnownFileType = image.jpeg; path = floor.jpg; sourceTree = "<group>"; };
		3049DCEE1EDF865B0000997A /* cursor.png */ = {isa = PBXFileReference; lastKnownFileType = image.png; path = cursor.png; sourceTree = "<group>"; };
		304A8E0A1C237B95008B1151 /* samples_macos.app */ = {isa = PBXFileReference; explicitFileType = wrapper.application; includeInIndex = 0; path = samples_macos.app; sourceTree = BUILT_PRODUCTS_DIR; };
		304A8E161C237B96008B1151 /* Assets.xcassets */ = {isa = PBXFileReference; lastKnownFileType = folder.assetcatalog; path = Assets.xcassets; sourceTree = "<group>"; };
		304A8E1B1C237B96008B1151 /* Info.plist */ = {isa = PBXFileReference; lastKnownFileType = text.plist.xml; path = Info.plist; sourceTree = "<group>"; };
		30575A961C38C90F0009C8A7 /* Info.plist */ = {isa = PBXFileReference; lastKnownFileType = text.plist.xml; path = Info.plist; sourceTree = "<group>"; };
		30575AE71C3C98F50009C8A7 /* GameController.framework */ = {isa = PBXFileReference; lastKnownFileType = wrapper.framework; name = GameController.framework; path = System/Library/Frameworks/GameController.framework; sourceTree = SDKROOT; };
		305F6DBA1C66C50000B76A03 /* CoreVideo.framework */ = {isa = PBXFileReference; lastKnownFileType = wrapper.framework; name = CoreVideo.framework; path = System/Library/Frameworks/CoreVideo.framework; sourceTree = SDKROOT; };
		30805D8A244D2E11006C86B7 /* ouzel.xcodeproj */ = {isa = PBXFileReference; lastKnownFileType = "wrapper.pb-project"; name = ouzel.xcodeproj; path = ../tools/ouzel.xcodeproj; sourceTree = "<group>"; };
		3089900422F1154A001C13F2 /* 8-bit.json */ = {isa = PBXFileReference; fileEncoding = 4; lastKnownFileType = text.json; path = "8-bit.json"; sourceTree = "<group>"; };
		3098A54F1EA01B4B00528A54 /* IOKit.framework */ = {isa = PBXFileReference; lastKnownFileType = wrapper.framework; name = IOKit.framework; path = System/Library/Frameworks/IOKit.framework; sourceTree = SDKROOT; };
		309BA3191F184198006F2240 /* CoreAudio.framework */ = {isa = PBXFileReference; lastKnownFileType = wrapper.framework; name = CoreAudio.framework; path = System/Library/Frameworks/CoreAudio.framework; sourceTree = SDKROOT; };
		309BA31B1F1841CB006F2240 /* CoreAudioKit.framework */ = {isa = PBXFileReference; lastKnownFileType = wrapper.framework; name = CoreAudioKit.framework; path = System/Library/Frameworks/CoreAudioKit.framework; sourceTree = SDKROOT; };
		309BA31D1F1841E8006F2240 /* AudioUnit.framework */ = {isa = PBXFileReference; lastKnownFileType = wrapper.framework; name = AudioUnit.framework; path = System/Library/Frameworks/AudioUnit.framework; sourceTree = SDKROOT; };
		30A883561E70E004004A033F /* 8-bit.wav */ = {isa = PBXFileReference; lastKnownFileType = audio.wav; path = "8-bit.wav"; sourceTree = "<group>"; };
		30A8835D1E70E5B1004A033F /* 24-bit.wav */ = {isa = PBXFileReference; lastKnownFileType = audio.wav; path = "24-bit.wav"; sourceTree = "<group>"; };
		30AFE1311CB5DC2B00478AA2 /* Metal.framework */ = {isa = PBXFileReference; lastKnownFileType = wrapper.framework; name = Metal.framework; path = System/Library/Frameworks/Metal.framework; sourceTree = SDKROOT; };
		30AFE1381CB5DC6000478AA2 /* Metal.framework */ = {isa = PBXFileReference; lastKnownFileType = wrapper.framework; name = Metal.framework; path = Platforms/iPhoneOS.platform/Developer/SDKs/iPhoneOS9.3.sdk/System/Library/Frameworks/Metal.framework; sourceTree = DEVELOPER_DIR; };
		30AFE13C1CB5DC6F00478AA2 /* Metal.framework */ = {isa = PBXFileReference; lastKnownFileType = wrapper.framework; name = Metal.framework; path = Platforms/AppleTVOS.platform/Developer/SDKs/AppleTVOS9.2.sdk/System/Library/Frameworks/Metal.framework; sourceTree = DEVELOPER_DIR; };
		30AFE1401CB5DC7B00478AA2 /* Foundation.framework */ = {isa = PBXFileReference; lastKnownFileType = wrapper.framework; name = Foundation.framework; path = Platforms/AppleTVOS.platform/Developer/SDKs/AppleTVOS9.2.sdk/System/Library/Frameworks/Foundation.framework; sourceTree = DEVELOPER_DIR; };
		30AFE1421CB5DC8700478AA2 /* GameController.framework */ = {isa = PBXFileReference; lastKnownFileType = wrapper.framework; name = GameController.framework; path = Platforms/AppleTVOS.platform/Developer/SDKs/AppleTVOS9.2.sdk/System/Library/Frameworks/GameController.framework; sourceTree = DEVELOPER_DIR; };
		30AFE1441CB5DC9300478AA2 /* OpenGLES.framework */ = {isa = PBXFileReference; lastKnownFileType = wrapper.framework; name = OpenGLES.framework; path = Platforms/AppleTVOS.platform/Developer/SDKs/AppleTVOS9.2.sdk/System/Library/Frameworks/OpenGLES.framework; sourceTree = DEVELOPER_DIR; };
		30AFE1461CB5DC9C00478AA2 /* QuartzCore.framework */ = {isa = PBXFileReference; lastKnownFileType = wrapper.framework; name = QuartzCore.framework; path = Platforms/AppleTVOS.platform/Developer/SDKs/AppleTVOS9.2.sdk/System/Library/Frameworks/QuartzCore.framework; sourceTree = DEVELOPER_DIR; };
		30AFE1481CB5DCA400478AA2 /* UIKit.framework */ = {isa = PBXFileReference; lastKnownFileType = wrapper.framework; name = UIKit.framework; path = Platforms/AppleTVOS.platform/Developer/SDKs/AppleTVOS9.2.sdk/System/Library/Frameworks/UIKit.framework; sourceTree = DEVELOPER_DIR; };
		30AFE14A1CB5DCBD00478AA2 /* GameController.framework */ = {isa = PBXFileReference; lastKnownFileType = wrapper.framework; name = GameController.framework; path = Platforms/iPhoneOS.platform/Developer/SDKs/iPhoneOS9.3.sdk/System/Library/Frameworks/GameController.framework; sourceTree = DEVELOPER_DIR; };
		30AFE14C1CB5DCDC00478AA2 /* Foundation.framework */ = {isa = PBXFileReference; lastKnownFileType = wrapper.framework; name = Foundation.framework; path = Platforms/iPhoneOS.platform/Developer/SDKs/iPhoneOS9.3.sdk/System/Library/Frameworks/Foundation.framework; sourceTree = DEVELOPER_DIR; };
		30AFE14E1CB5DCF100478AA2 /* OpenGLES.framework */ = {isa = PBXFileReference; lastKnownFileType = wrapper.framework; name = OpenGLES.framework; path = Platforms/iPhoneOS.platform/Developer/SDKs/iPhoneOS9.3.sdk/System/Library/Frameworks/OpenGLES.framework; sourceTree = DEVELOPER_DIR; };
		30AFE1501CB5DCF900478AA2 /* QuartzCore.framework */ = {isa = PBXFileReference; lastKnownFileType = wrapper.framework; name = QuartzCore.framework; path = Platforms/iPhoneOS.platform/Developer/SDKs/iPhoneOS9.3.sdk/System/Library/Frameworks/QuartzCore.framework; sourceTree = DEVELOPER_DIR; };
		30AFE1521CB5DD0400478AA2 /* UIKit.framework */ = {isa = PBXFileReference; lastKnownFileType = wrapper.framework; name = UIKit.framework; path = Platforms/iPhoneOS.platform/Developer/SDKs/iPhoneOS9.3.sdk/System/Library/Frameworks/UIKit.framework; sourceTree = DEVELOPER_DIR; };
		30B492A01CDF816F0021E170 /* libouzel.xcodeproj */ = {isa = PBXFileReference; lastKnownFileType = "wrapper.pb-project"; name = libouzel.xcodeproj; path = ../engine/libouzel.xcodeproj; sourceTree = "<group>"; };
		30B8599A1F3D377700A16952 /* AmosisTechnik.ttf */ = {isa = PBXFileReference; lastKnownFileType = file; path = AmosisTechnik.ttf; sourceTree = "<group>"; };
		30C246FA211E0B98001E8DA6 /* assets.json */ = {isa = PBXFileReference; fileEncoding = 4; lastKnownFileType = text.json; path = assets.json; sourceTree = "<group>"; };
		30C2C33D1F817E5000B3AAC2 /* cube.obj */ = {isa = PBXFileReference; lastKnownFileType = text; path = cube.obj; sourceTree = "<group>"; };
		30C2C3411F817E5100B3AAC2 /* cube.mtl */ = {isa = PBXFileReference; lastKnownFileType = text; path = cube.mtl; sourceTree = "<group>"; };
		30C2C3421F817E5100B3AAC2 /* cube.png */ = {isa = PBXFileReference; lastKnownFileType = image.png; path = cube.png; sourceTree = "<group>"; };
		30E1906820D08AB400C79662 /* gui.zip */ = {isa = PBXFileReference; lastKnownFileType = archive.zip; path = gui.zip; sourceTree = "<group>"; };
/* End PBXFileReference section */

/* Begin PBXFrameworksBuildPhase section */
		303B76101C34CFE300FEDE92 /* Frameworks */ = {
			isa = PBXFrameworksBuildPhase;
			buildActionMask = 2147483647;
			files = (
				30B492AD1CDF81C70021E170 /* libouzel_ios.a in Frameworks */,
				30419E3F1D1A106900A63759 /* AudioToolbox.framework in Frameworks */,
				30419E691D1F726C00A63759 /* AVFoundation.framework in Frameworks */,
				3098A5491E9FD56A00528A54 /* Foundation.framework in Frameworks */,
				30AFE14B1CB5DCBD00478AA2 /* GameController.framework in Frameworks */,
				30AFE13A1CB5DC6000478AA2 /* Metal.framework in Frameworks */,
				30419E881D202DB500A63759 /* OpenAL.framework in Frameworks */,
				30AFE14F1CB5DCF100478AA2 /* OpenGLES.framework in Frameworks */,
				30AFE1511CB5DCF900478AA2 /* QuartzCore.framework in Frameworks */,
				3098A5481E9FD54000528A54 /* UIKit.framework in Frameworks */,
			);
			runOnlyForDeploymentPostprocessing = 0;
		};
		303B768F1C355AA400FEDE92 /* Frameworks */ = {
			isa = PBXFrameworksBuildPhase;
			buildActionMask = 2147483647;
			files = (
				30B492AE1CDF81CA0021E170 /* libouzel_tvos.a in Frameworks */,
				30419E3D1D1A106000A63759 /* AudioToolbox.framework in Frameworks */,
				30419E6B1D1F736800A63759 /* AVFoundation.framework in Frameworks */,
				30AFE1411CB5DC7B00478AA2 /* Foundation.framework in Frameworks */,
				30AFE1431CB5DC8700478AA2 /* GameController.framework in Frameworks */,
				30AFE13E1CB5DC6F00478AA2 /* Metal.framework in Frameworks */,
				30419E8A1D202DC000A63759 /* OpenAL.framework in Frameworks */,
				30AFE1451CB5DC9300478AA2 /* OpenGLES.framework in Frameworks */,
				30AFE1471CB5DC9C00478AA2 /* QuartzCore.framework in Frameworks */,
				30AFE1491CB5DCA400478AA2 /* UIKit.framework in Frameworks */,
			);
			runOnlyForDeploymentPostprocessing = 0;
		};
		304A8E071C237B95008B1151 /* Frameworks */ = {
			isa = PBXFrameworksBuildPhase;
			buildActionMask = 2147483647;
			files = (
				30647D931D7D94EC00DC7E61 /* libouzel_macos.a in Frameworks */,
				30419E631D1F3DED00A63759 /* AudioToolbox.framework in Frameworks */,
				309BA31E1F1841E8006F2240 /* AudioUnit.framework in Frameworks */,
				303B74F31C27F6EB00FEDE92 /* Cocoa.framework in Frameworks */,
				309BA31A1F184198006F2240 /* CoreAudio.framework in Frameworks */,
				305F6DBB1C66C50000B76A03 /* CoreVideo.framework in Frameworks */,
				307F9FF81F1E878D00BA73CB /* GameController.framework in Frameworks */,
				3098A5501EA01B4B00528A54 /* IOKit.framework in Frameworks */,
				30AFE1321CB5DC2B00478AA2 /* Metal.framework in Frameworks */,
				30419E861D202DAB00A63759 /* OpenAL.framework in Frameworks */,
				303B74EE1C27F6A100FEDE92 /* OpenGL.framework in Frameworks */,
				304659F11E996AAD00D7FEA0 /* QuartzCore.framework in Frameworks */,
			);
			runOnlyForDeploymentPostprocessing = 0;
		};
/* End PBXFrameworksBuildPhase section */

/* Begin PBXGroup section */
		303B74EF1C27F6B000FEDE92 /* Frameworks */ = {
			isa = PBXGroup;
			children = (
				309BA31D1F1841E8006F2240 /* AudioUnit.framework */,
				309BA31B1F1841CB006F2240 /* CoreAudioKit.framework */,
				309BA3191F184198006F2240 /* CoreAudio.framework */,
				3098A54F1EA01B4B00528A54 /* IOKit.framework */,
				30419E3E1D1A106900A63759 /* AudioToolbox.framework */,
				30419E621D1F3DED00A63759 /* AudioToolbox.framework */,
				30419E3C1D1A106000A63759 /* AudioToolbox.framework */,
				30419E681D1F726C00A63759 /* AVFoundation.framework */,
				30419E6A1D1F736800A63759 /* AVFoundation.framework */,
				303B74F21C27F6EB00FEDE92 /* Cocoa.framework */,
				305F6DBA1C66C50000B76A03 /* CoreVideo.framework */,
				30AFE14C1CB5DCDC00478AA2 /* Foundation.framework */,
				30AFE1401CB5DC7B00478AA2 /* Foundation.framework */,
				30AFE14A1CB5DCBD00478AA2 /* GameController.framework */,
				30575AE71C3C98F50009C8A7 /* GameController.framework */,
				30AFE1421CB5DC8700478AA2 /* GameController.framework */,
				30AFE1381CB5DC6000478AA2 /* Metal.framework */,
				30AFE1311CB5DC2B00478AA2 /* Metal.framework */,
				30AFE13C1CB5DC6F00478AA2 /* Metal.framework */,
				30419E871D202DB500A63759 /* OpenAL.framework */,
				30419E851D202DAB00A63759 /* OpenAL.framework */,
				30419E891D202DC000A63759 /* OpenAL.framework */,
				303B74ED1C27F6A100FEDE92 /* OpenGL.framework */,
				30AFE14E1CB5DCF100478AA2 /* OpenGLES.framework */,
				30AFE1441CB5DC9300478AA2 /* OpenGLES.framework */,
				30AFE1501CB5DCF900478AA2 /* QuartzCore.framework */,
				304659F01E996AAD00D7FEA0 /* QuartzCore.framework */,
				30AFE1461CB5DC9C00478AA2 /* QuartzCore.framework */,
				30AFE1521CB5DD0400478AA2 /* UIKit.framework */,
				30AFE1481CB5DCA400478AA2 /* UIKit.framework */,
			);
			name = Frameworks;
			path = ..;
			sourceTree = "<group>";
		};
		303B762A1C34D21100FEDE92 /* ios */ = {
			isa = PBXGroup;
			children = (
				3036479F1C414EF50024DB5B /* Assets.xcassets */,
				303B762B1C34D22700FEDE92 /* Info.plist */,
			);
			path = ios;
			sourceTree = "<group>";
		};
		304A8E011C237B95008B1151 = {
			isa = PBXGroup;
			children = (
				303B74EF1C27F6B000FEDE92 /* Frameworks */,
				30B492A01CDF816F0021E170 /* libouzel.xcodeproj */,
				30805D8A244D2E11006C86B7 /* ouzel.xcodeproj */,
				304A8E0B1C237B95008B1151 /* Products */,
				304A8EB21C2765C4008B1151 /* Resources */,
				30E75F421D7B78DB000300D4 /* samples */,
			);
			sourceTree = "<group>";
		};
		304A8E0B1C237B95008B1151 /* Products */ = {
			isa = PBXGroup;
			children = (
				304A8E0A1C237B95008B1151 /* samples_macos.app */,
				303B76201C34CFE300FEDE92 /* samples_ios.app */,
				303B76A01C355AA400FEDE92 /* samples_tvos.app */,
			);
			name = Products;
			sourceTree = "<group>";
		};
		304A8EA41C274113008B1151 /* macos */ = {
			isa = PBXGroup;
			children = (
				304A8E161C237B96008B1151 /* Assets.xcassets */,
				304A8E1B1C237B96008B1151 /* Info.plist */,
			);
			path = macos;
			sourceTree = "<group>";
		};
		304A8EB21C2765C4008B1151 /* Resources */ = {
			isa = PBXGroup;
			children = (
				3089900422F1154A001C13F2 /* 8-bit.json */,
				30A883561E70E004004A033F /* 8-bit.wav */,
				30A8835D1E70E5B1004A033F /* 24-bit.wav */,
				30419E641D1F6A7600A63759 /* ambient.wav */,
				30B8599A1F3D377700A16952 /* AmosisTechnik.ttf */,
				300E4497276CE2B400E0721F /* arrow.png */,
				30C246FA211E0B98001E8DA6 /* assets.json */,
				3045F0DA1D0F575F00125436 /* ball.png */,
				30C2C3411F817E5100B3AAC2 /* cube.mtl */,
				30C2C33D1F817E5000B3AAC2 /* cube.obj */,
				30C2C3421F817E5100B3AAC2 /* cube.png */,
				3049DCEE1EDF865B0000997A /* cursor.png */,
				303B75F51C33756100FEDE92 /* fire.json */,
				303B75F61C33756100FEDE92 /* fire.png */,
				303B76011C349CA800FEDE92 /* flame.json */,
				303B76021C349CA800FEDE92 /* flame.png */,
				304736D31E0AE4CE009BC562 /* floor.jpg */,
				30E1906820D08AB400C79662 /* gui.zip */,
				30419E5E1D1D541900A63759 /* jump.wav */,
				30324D9C1CAFB20900601A64 /* lv.mo */,
				3031C1421F0C4A3B002CA717 /* music.ogg */,
				303B75EB1C33581700FEDE92 /* run.json */,
				303B75EC1C33581700FEDE92 /* run.png */,
				3011E1C91F00444500CB1DDC /* settings.ini */,
				30224DED1D78F4DB0067DE35 /* triangle.json */,
				30224DEE1D78F4DB0067DE35 /* triangle.png */,
				303B75081C286F8D00FEDE92 /* witch.png */,
			);
			path = Resources;
			sourceTree = "<group>";
		};
		30575A951C38C8ED0009C8A7 /* tvos */ = {
			isa = PBXGroup;
			children = (
				303647A01C414F120024DB5B /* Assets.xcassets */,
				30575A961C38C90F0009C8A7 /* Info.plist */,
			);
			path = tvos;
			sourceTree = "<group>";
		};
		30805D8B244D2E11006C86B7 /* Products */ = {
			isa = PBXGroup;
			children = (
				30805D8F244D2E11006C86B7 /* ouzel */,
			);
			name = Products;
			sourceTree = "<group>";
		};
		30B492A11CDF816F0021E170 /* Products */ = {
			isa = PBXGroup;
			children = (
				30B492A91CDF81700021E170 /* libouzel_ios.a */,
				30B492A71CDF81700021E170 /* libouzel_macos.a */,
				30B492AB1CDF81700021E170 /* libouzel_tvos.a */,
			);
			name = Products;
			sourceTree = "<group>";
		};
		30E75F421D7B78DB000300D4 /* samples */ = {
			isa = PBXGroup;
			children = (
				303B762A1C34D21100FEDE92 /* ios */,
				304A8EA41C274113008B1151 /* macos */,
				30575A951C38C8ED0009C8A7 /* tvos */,
				3045F0C81D0F24B800125436 /* AnimationsSample.cpp */,
				3045F0C91D0F24B800125436 /* AnimationsSample.hpp */,
				3013FAAD1DDD20AC0069E2BD /* GameSample.cpp */,
				3013FAAE1DDD20AC0069E2BD /* GameSample.hpp */,
				3045F0B31D0D95CA00125436 /* GUISample.cpp */,
				3045F0B41D0D95CA00125436 /* GUISample.hpp */,
				3045F0CD1D0F24F600125436 /* InputSample.cpp */,
				3045F0CE1D0F24F600125436 /* InputSample.hpp */,
				303B75181C29EB8400FEDE92 /* main.cpp */,
				3045F0A61D0C2E4500125436 /* MainMenu.cpp */,
				3045F0A71D0C2E4500125436 /* MainMenu.hpp */,
				304736CB1E0AD89E009BC562 /* PerspectiveSample.cpp */,
				304736CC1E0AD89E009BC562 /* PerspectiveSample.hpp */,
				3045F0AE1D0D95BC00125436 /* RTSample.cpp */,
				3045F0AF1D0D95BC00125436 /* RTSample.hpp */,
				30419E591D1D530D00A63759 /* SoundSample.cpp */,
				30419E5A1D1D530D00A63759 /* SoundSample.hpp */,
				3045F0C01D0E103100125436 /* SpritesSample.cpp */,
				3045F0C11D0E103100125436 /* SpritesSample.hpp */,
			);
			name = samples;
			sourceTree = "<group>";
		};
/* End PBXGroup section */

/* Begin PBXNativeTarget section */
		303B760C1C34CFE300FEDE92 /* samples_ios */ = {
			isa = PBXNativeTarget;
			buildConfigurationList = 303B761D1C34CFE300FEDE92 /* Build configuration list for PBXNativeTarget "samples_ios" */;
			buildPhases = (
				303B760D1C34CFE300FEDE92 /* Sources */,
				303B76101C34CFE300FEDE92 /* Frameworks */,
				303B76141C34CFE300FEDE92 /* Resources */,
			);
			buildRules = (
			);
			dependencies = (
				300902F2218BC65300B00BF4 /* PBXTargetDependency */,
			);
			name = samples_ios;
			productName = blackbird;
			productReference = 303B76201C34CFE300FEDE92 /* samples_ios.app */;
			productType = "com.apple.product-type.application";
		};
		303B768B1C355AA400FEDE92 /* samples_tvos */ = {
			isa = PBXNativeTarget;
			buildConfigurationList = 303B769D1C355AA400FEDE92 /* Build configuration list for PBXNativeTarget "samples_tvos" */;
			buildPhases = (
				303B768C1C355AA400FEDE92 /* Sources */,
				303B768F1C355AA400FEDE92 /* Frameworks */,
				303B76941C355AA400FEDE92 /* Resources */,
			);
			buildRules = (
			);
			dependencies = (
				300902F0218BC64C00B00BF4 /* PBXTargetDependency */,
			);
			name = samples_tvos;
			productName = blackbird;
			productReference = 303B76A01C355AA400FEDE92 /* samples_tvos.app */;
			productType = "com.apple.product-type.application";
		};
		304A8E091C237B95008B1151 /* samples_macos */ = {
			isa = PBXNativeTarget;
			buildConfigurationList = 304A8E1E1C237B96008B1151 /* Build configuration list for PBXNativeTarget "samples_macos" */;
			buildPhases = (
				304A8E061C237B95008B1151 /* Sources */,
				304A8E071C237B95008B1151 /* Frameworks */,
				304A8E081C237B95008B1151 /* Resources */,
			);
			buildRules = (
			);
			dependencies = (
				300902EE218BC64600B00BF4 /* PBXTargetDependency */,
			);
			name = samples_macos;
			productName = blackbird;
			productReference = 304A8E0A1C237B95008B1151 /* samples_macos.app */;
			productType = "com.apple.product-type.application";
		};
/* End PBXNativeTarget section */

/* Begin PBXProject section */
		304A8E021C237B95008B1151 /* Project object */ = {
			isa = PBXProject;
			attributes = {
				LastUpgradeCheck = 0800;
				ORGANIZATIONNAME = "Elviss Strazdins";
				TargetAttributes = {
					304A8E091C237B95008B1151 = {
						CreatedOnToolsVersion = 7.2;
					};
				};
			};
			buildConfigurationList = 304A8E051C237B95008B1151 /* Build configuration list for PBXProject "samples" */;
			compatibilityVersion = "Xcode 10.0";
			developmentRegion = English;
			hasScannedForEncodings = 0;
			knownRegions = (
				English,
				en,
				Base,
			);
			mainGroup = 304A8E011C237B95008B1151;
			productRefGroup = 304A8E0B1C237B95008B1151 /* Products */;
			projectDirPath = "";
			projectReferences = (
				{
					ProductGroup = 30B492A11CDF816F0021E170 /* Products */;
					ProjectRef = 30B492A01CDF816F0021E170 /* libouzel.xcodeproj */;
				},
				{
					ProductGroup = 30805D8B244D2E11006C86B7 /* Products */;
					ProjectRef = 30805D8A244D2E11006C86B7 /* ouzel.xcodeproj */;
				},
			);
			projectRoot = "";
			targets = (
				303B760C1C34CFE300FEDE92 /* samples_ios */,
				304A8E091C237B95008B1151 /* samples_macos */,
				303B768B1C355AA400FEDE92 /* samples_tvos */,
			);
		};
/* End PBXProject section */

/* Begin PBXReferenceProxy section */
		30805D8F244D2E11006C86B7 /* ouzel */ = {
			isa = PBXReferenceProxy;
			fileType = "compiled.mach-o.executable";
			path = ouzel;
			remoteRef = 30805D8E244D2E11006C86B7 /* PBXContainerItemProxy */;
			sourceTree = BUILT_PRODUCTS_DIR;
		};
		30B492A71CDF81700021E170 /* libouzel_macos.a */ = {
			isa = PBXReferenceProxy;
			fileType = archive.ar;
			path = libouzel_macos.a;
			remoteRef = 30B492A61CDF81700021E170 /* PBXContainerItemProxy */;
			sourceTree = BUILT_PRODUCTS_DIR;
		};
		30B492A91CDF81700021E170 /* libouzel_ios.a */ = {
			isa = PBXReferenceProxy;
			fileType = archive.ar;
			path = libouzel_ios.a;
			remoteRef = 30B492A81CDF81700021E170 /* PBXContainerItemProxy */;
			sourceTree = BUILT_PRODUCTS_DIR;
		};
		30B492AB1CDF81700021E170 /* libouzel_tvos.a */ = {
			isa = PBXReferenceProxy;
			fileType = archive.ar;
			path = libouzel_tvos.a;
			remoteRef = 30B492AA1CDF81700021E170 /* PBXContainerItemProxy */;
			sourceTree = BUILT_PRODUCTS_DIR;
		};
/* End PBXReferenceProxy section */

/* Begin PBXResourcesBuildPhase section */
		303B76141C34CFE300FEDE92 /* Resources */ = {
			isa = PBXResourcesBuildPhase;
			buildActionMask = 2147483647;
			files = (
				30419E601D1D541900A63759 /* jump.wav in Resources */,
				3049DCEF1EDF865B0000997A /* cursor.png in Resources */,
				30519D091F9D766E00AF3DC4 /* cube.png in Resources */,
				303B76161C34CFE300FEDE92 /* flame.png in Resources */,
				30324D9E1CAFB20900601A64 /* lv.mo in Resources */,
				30519D051F9D525B00AF3DC4 /* cube.obj in Resources */,
				30C246FB211E0B98001E8DA6 /* assets.json in Resources */,
				303B76171C34CFE300FEDE92 /* witch.png in Resources */,
				303B76181C34CFE300FEDE92 /* flame.json in Resources */,
				303B76191C34CFE300FEDE92 /* fire.json in Resources */,
				303B761A1C34CFE300FEDE92 /* run.json in Resources */,
				30224DF01D78F4DB0067DE35 /* triangle.json in Resources */,
				3011E1CA1F00444500CB1DDC /* settings.ini in Resources */,
				303B761B1C34CFE300FEDE92 /* run.png in Resources */,
				30A883571E70E004004A033F /* 8-bit.wav in Resources */,
				303647A11C418E4C0024DB5B /* Assets.xcassets in Resources */,
				3089900622F1154A001C13F2 /* 8-bit.json in Resources */,
				3031C1431F0C4A3B002CA717 /* music.ogg in Resources */,
				30E1906920D08AB500C79662 /* gui.zip in Resources */,
				300E4499276CE2B400E0721F /* arrow.png in Resources */,
				30B8599B1F3D377700A16952 /* AmosisTechnik.ttf in Resources */,
				30419E661D1F6A7600A63759 /* ambient.wav in Resources */,
				30224DF31D78F4DB0067DE35 /* triangle.png in Resources */,
				304736D41E0AE4CE009BC562 /* floor.jpg in Resources */,
				303B761C1C34CFE300FEDE92 /* fire.png in Resources */,
				3045F0DC1D0F575F00125436 /* ball.png in Resources */,
				30A8835E1E70E5B1004A033F /* 24-bit.wav in Resources */,
				30519CFF1F9D525700AF3DC4 /* cube.mtl in Resources */,
			);
			runOnlyForDeploymentPostprocessing = 0;
		};
		303B76941C355AA400FEDE92 /* Resources */ = {
			isa = PBXResourcesBuildPhase;
			buildActionMask = 2147483647;
			files = (
				30419E611D1D541900A63759 /* jump.wav in Resources */,
				3049DCF11EDF865B0000997A /* cursor.png in Resources */,
				30519D0B1F9D766F00AF3DC4 /* cube.png in Resources */,
				303B76961C355AA400FEDE92 /* flame.png in Resources */,
				30324D9F1CAFB20900601A64 /* lv.mo in Resources */,
				30519D071F9D525B00AF3DC4 /* cube.obj in Resources */,
				30C246FE211E0CD1001E8DA6 /* assets.json in Resources */,
				303B76971C355AA400FEDE92 /* witch.png in Resources */,
				303B76981C355AA400FEDE92 /* flame.json in Resources */,
				303B76991C355AA400FEDE92 /* fire.json in Resources */,
				303B769A1C355AA400FEDE92 /* run.json in Resources */,
				30224DF11D78F4DB0067DE35 /* triangle.json in Resources */,
				3011E1CC1F00444500CB1DDC /* settings.ini in Resources */,
				303B769B1C355AA400FEDE92 /* run.png in Resources */,
				30A883591E70E004004A033F /* 8-bit.wav in Resources */,
				303647A31C418E7C0024DB5B /* Assets.xcassets in Resources */,
				3089900822F1154A001C13F2 /* 8-bit.json in Resources */,
				3031C1451F0C4A3B002CA717 /* music.ogg in Resources */,
				30E1906B20D08AB500C79662 /* gui.zip in Resources */,
				300E449B276CE2B400E0721F /* arrow.png in Resources */,
				30B8599D1F3D377700A16952 /* AmosisTechnik.ttf in Resources */,
				30419E671D1F6A7600A63759 /* ambient.wav in Resources */,
				30224DF41D78F4DB0067DE35 /* triangle.png in Resources */,
				304736D61E0AE4CE009BC562 /* floor.jpg in Resources */,
				303B769C1C355AA400FEDE92 /* fire.png in Resources */,
				3045F0DD1D0F575F00125436 /* ball.png in Resources */,
				30A883601E70E5B1004A033F /* 24-bit.wav in Resources */,
				30519D041F9D525800AF3DC4 /* cube.mtl in Resources */,
			);
			runOnlyForDeploymentPostprocessing = 0;
		};
		304A8E081C237B95008B1151 /* Resources */ = {
			isa = PBXResourcesBuildPhase;
			buildActionMask = 2147483647;
			files = (
				30419E5F1D1D541900A63759 /* jump.wav in Resources */,
				3049DCF01EDF865B0000997A /* cursor.png in Resources */,
				30519D0A1F9D766F00AF3DC4 /* cube.png in Resources */,
				303B76041C349CA800FEDE92 /* flame.png in Resources */,
				30324D9D1CAFB20900601A64 /* lv.mo in Resources */,
				30519D061F9D525B00AF3DC4 /* cube.obj in Resources */,
				30C246FD211E0CD1001E8DA6 /* assets.json in Resources */,
				303B75091C286F8D00FEDE92 /* witch.png in Resources */,
				303B76031C349CA800FEDE92 /* flame.json in Resources */,
				303B75F71C33756100FEDE92 /* fire.json in Resources */,
				303B75ED1C33581700FEDE92 /* run.json in Resources */,
				30224DEF1D78F4DB0067DE35 /* triangle.json in Resources */,
				3011E1CB1F00444500CB1DDC /* settings.ini in Resources */,
				303B75EE1C33581700FEDE92 /* run.png in Resources */,
				30A883581E70E004004A033F /* 8-bit.wav in Resources */,
				303647A21C418E790024DB5B /* Assets.xcassets in Resources */,
				3089900722F1154A001C13F2 /* 8-bit.json in Resources */,
				3031C1441F0C4A3B002CA717 /* music.ogg in Resources */,
				30E1906A20D08AB500C79662 /* gui.zip in Resources */,
				300E449A276CE2B400E0721F /* arrow.png in Resources */,
				30B8599C1F3D377700A16952 /* AmosisTechnik.ttf in Resources */,
				30419E651D1F6A7600A63759 /* ambient.wav in Resources */,
				30224DF21D78F4DB0067DE35 /* triangle.png in Resources */,
				304736D51E0AE4CE009BC562 /* floor.jpg in Resources */,
				303B75F81C33756100FEDE92 /* fire.png in Resources */,
				3045F0DB1D0F575F00125436 /* ball.png in Resources */,
				30A8835F1E70E5B1004A033F /* 24-bit.wav in Resources */,
				30519D031F9D525700AF3DC4 /* cube.mtl in Resources */,
			);
			runOnlyForDeploymentPostprocessing = 0;
		};
/* End PBXResourcesBuildPhase section */

/* Begin PBXSourcesBuildPhase section */
		303B760D1C34CFE300FEDE92 /* Sources */ = {
			isa = PBXSourcesBuildPhase;
			buildActionMask = 2147483647;
			files = (
				3045F0B61D0D95CA00125436 /* GUISample.cpp in Sources */,
				3045F0CB1D0F24B800125436 /* AnimationsSample.cpp in Sources */,
				3045F0C31D0E103100125436 /* SpritesSample.cpp in Sources */,
				3045F0B11D0D95BC00125436 /* RTSample.cpp in Sources */,
				3045F0A91D0C2E4500125436 /* MainMenu.cpp in Sources */,
				304736CD1E0AD89E009BC562 /* PerspectiveSample.cpp in Sources */,
				3045F0D01D0F24F600125436 /* InputSample.cpp in Sources */,
				3013FAAF1DDD20AC0069E2BD /* GameSample.cpp in Sources */,
				303B760F1C34CFE300FEDE92 /* main.cpp in Sources */,
				30419E5C1D1D530D00A63759 /* SoundSample.cpp in Sources */,
			);
			runOnlyForDeploymentPostprocessing = 0;
		};
		303B768C1C355AA400FEDE92 /* Sources */ = {
			isa = PBXSourcesBuildPhase;
			buildActionMask = 2147483647;
			files = (
				3045F0B71D0D95CA00125436 /* GUISample.cpp in Sources */,
				3045F0CC1D0F24B800125436 /* AnimationsSample.cpp in Sources */,
				3045F0C41D0E103100125436 /* SpritesSample.cpp in Sources */,
				3045F0B21D0D95BC00125436 /* RTSample.cpp in Sources */,
				3045F0AA1D0C2E4500125436 /* MainMenu.cpp in Sources */,
				304736CF1E0AD89E009BC562 /* PerspectiveSample.cpp in Sources */,
				3045F0D11D0F24F600125436 /* InputSample.cpp in Sources */,
				3013FAB11DDD20AC0069E2BD /* GameSample.cpp in Sources */,
				303B768E1C355AA400FEDE92 /* main.cpp in Sources */,
				30419E5D1D1D530D00A63759 /* SoundSample.cpp in Sources */,
			);
			runOnlyForDeploymentPostprocessing = 0;
		};
		304A8E061C237B95008B1151 /* Sources */ = {
			isa = PBXSourcesBuildPhase;
			buildActionMask = 2147483647;
			files = (
				3045F0B51D0D95CA00125436 /* GUISample.cpp in Sources */,
				3045F0CA1D0F24B800125436 /* AnimationsSample.cpp in Sources */,
				3045F0C21D0E103100125436 /* SpritesSample.cpp in Sources */,
				3045F0B01D0D95BC00125436 /* RTSample.cpp in Sources */,
				3045F0A81D0C2E4500125436 /* MainMenu.cpp in Sources */,
				304736CE1E0AD89E009BC562 /* PerspectiveSample.cpp in Sources */,
				3045F0CF1D0F24F600125436 /* InputSample.cpp in Sources */,
				3013FAB01DDD20AC0069E2BD /* GameSample.cpp in Sources */,
				303B751A1C29ED4200FEDE92 /* main.cpp in Sources */,
				30419E5B1D1D530D00A63759 /* SoundSample.cpp in Sources */,
			);
			runOnlyForDeploymentPostprocessing = 0;
		};
/* End PBXSourcesBuildPhase section */

/* Begin PBXTargetDependency section */
		300902EE218BC64600B00BF4 /* PBXTargetDependency */ = {
			isa = PBXTargetDependency;
			name = libouzel_macos;
			targetProxy = 300902ED218BC64600B00BF4 /* PBXContainerItemProxy */;
		};
		300902F0218BC64C00B00BF4 /* PBXTargetDependency */ = {
			isa = PBXTargetDependency;
			name = libouzel_tvos;
			targetProxy = 300902EF218BC64C00B00BF4 /* PBXContainerItemProxy */;
		};
		300902F2218BC65300B00BF4 /* PBXTargetDependency */ = {
			isa = PBXTargetDependency;
			name = libouzel_ios;
			targetProxy = 300902F1218BC65300B00BF4 /* PBXContainerItemProxy */;
		};
/* End PBXTargetDependency section */

/* Begin XCBuildConfiguration section */
		303B761E1C34CFE300FEDE92 /* Debug */ = {
			isa = XCBuildConfiguration;
			buildSettings = {
				ASSETCATALOG_COMPILER_APPICON_NAME = AppIcon;
				COMPRESS_PNG_FILES = NO;
				INFOPLIST_FILE = ios/Info.plist;
				IPHONEOS_DEPLOYMENT_TARGET = 9.0;
				PRODUCT_BUNDLE_IDENTIFIER = org.ouzel.samples;
				PRODUCT_NAME = samples_ios;
				SDKROOT = iphoneos;
				STRIP_PNG_TEXT = NO;
				TARGETED_DEVICE_FAMILY = "1,2";
			};
			name = Debug;
		};
		303B761F1C34CFE300FEDE92 /* Release */ = {
			isa = XCBuildConfiguration;
			buildSettings = {
				ASSETCATALOG_COMPILER_APPICON_NAME = AppIcon;
				COMPRESS_PNG_FILES = NO;
				INFOPLIST_FILE = ios/Info.plist;
				IPHONEOS_DEPLOYMENT_TARGET = 9.0;
				PRODUCT_BUNDLE_IDENTIFIER = org.ouzel.samples;
				PRODUCT_NAME = samples_ios;
				SDKROOT = iphoneos;
				STRIP_PNG_TEXT = NO;
				TARGETED_DEVICE_FAMILY = "1,2";
			};
			name = Release;
		};
		303B769E1C355AA400FEDE92 /* Debug */ = {
			isa = XCBuildConfiguration;
			buildSettings = {
				ASSETCATALOG_COMPILER_APPICON_NAME = "Brand Assets";
				COMPRESS_PNG_FILES = NO;
				INFOPLIST_FILE = tvos/Info.plist;
				PRODUCT_BUNDLE_IDENTIFIER = org.ouzel.samples;
				PRODUCT_NAME = samples_tvos;
				SDKROOT = appletvos;
				STRIP_PNG_TEXT = NO;
				TVOS_DEPLOYMENT_TARGET = 9.0;
			};
			name = Debug;
		};
		303B769F1C355AA400FEDE92 /* Release */ = {
			isa = XCBuildConfiguration;
			buildSettings = {
				ASSETCATALOG_COMPILER_APPICON_NAME = "Brand Assets";
				COMPRESS_PNG_FILES = NO;
				INFOPLIST_FILE = tvos/Info.plist;
				PRODUCT_BUNDLE_IDENTIFIER = org.ouzel.samples;
				PRODUCT_NAME = samples_tvos;
				SDKROOT = appletvos;
				STRIP_PNG_TEXT = NO;
				TVOS_DEPLOYMENT_TARGET = 9.0;
			};
			name = Release;
		};
		304A8E1C1C237B96008B1151 /* Debug */ = {
			isa = XCBuildConfiguration;
			buildSettings = {
				ALWAYS_SEARCH_USER_PATHS = NO;
				CLANG_ANALYZER_SECURITY_FLOATLOOPCOUNTER = YES;
				CLANG_CXX_LANGUAGE_STANDARD = "c++17";
				CLANG_CXX_LIBRARY = "libc++";
				CLANG_UNDEFINED_BEHAVIOR_SANITIZER_INTEGER = YES;
				CLANG_UNDEFINED_BEHAVIOR_SANITIZER_NULLABILITY = YES;
				CLANG_WARN_ASSIGN_ENUM = YES;
				CLANG_WARN_COMMA = YES;
				CLANG_WARN_EMPTY_BODY = YES;
				CLANG_WARN_IMPLICIT_SIGN_CONVERSION = YES;
				CLANG_WARN_INFINITE_RECURSION = YES;
				CLANG_WARN_RANGE_LOOP_ANALYSIS = YES;
				CLANG_WARN_SEMICOLON_BEFORE_METHOD_BODY = YES;
				CLANG_WARN_STRICT_PROTOTYPES = YES;
				CLANG_WARN_SUSPICIOUS_IMPLICIT_CONVERSION = YES;
				CLANG_WARN_SUSPICIOUS_MOVE = YES;
				CLANG_WARN_UNREACHABLE_CODE = YES;
				CLANG_WARN__DUPLICATE_METHOD_MATCH = YES;
				DEBUG_INFORMATION_FORMAT = dwarf;
				ENABLE_TESTABILITY = YES;
				GCC_DYNAMIC_NO_PIC = NO;
				GCC_OPTIMIZATION_LEVEL = 0;
				GCC_PREPROCESSOR_DEFINITIONS = DEBUG;
				GCC_WARN_64_TO_32_BIT_CONVERSION = YES;
				GCC_WARN_ABOUT_MISSING_FIELD_INITIALIZERS = YES;
				GCC_WARN_ABOUT_MISSING_NEWLINE = YES;
				GCC_WARN_ABOUT_MISSING_PROTOTYPES = YES;
				GCC_WARN_ABOUT_RETURN_TYPE = YES;
				GCC_WARN_FOUR_CHARACTER_CONSTANTS = YES;
				GCC_WARN_HIDDEN_VIRTUAL_FUNCTIONS = YES;
				GCC_WARN_INHIBIT_ALL_WARNINGS = YES;
				GCC_WARN_INITIALIZER_NOT_FULLY_BRACKETED = YES;
				GCC_WARN_PEDANTIC = YES;
				GCC_WARN_SHADOW = YES;
				GCC_WARN_SIGN_COMPARE = YES;
				GCC_WARN_UNDECLARED_SELECTOR = YES;
				GCC_WARN_UNINITIALIZED_AUTOS = YES_AGGRESSIVE;
				GCC_WARN_UNKNOWN_PRAGMAS = YES;
				GCC_WARN_UNUSED_FUNCTION = YES;
				GCC_WARN_UNUSED_LABEL = YES;
				GCC_WARN_UNUSED_PARAMETER = YES;
				GCC_WARN_UNUSED_VARIABLE = YES;
				HEADER_SEARCH_PATHS = ../engine/;
				ONLY_ACTIVE_ARCH = YES;
			};
			name = Debug;
		};
		304A8E1D1C237B96008B1151 /* Release */ = {
			isa = XCBuildConfiguration;
			buildSettings = {
				ALWAYS_SEARCH_USER_PATHS = NO;
				CLANG_ANALYZER_SECURITY_FLOATLOOPCOUNTER = YES;
				CLANG_CXX_LANGUAGE_STANDARD = "c++17";
				CLANG_CXX_LIBRARY = "libc++";
				CLANG_UNDEFINED_BEHAVIOR_SANITIZER_INTEGER = YES;
				CLANG_UNDEFINED_BEHAVIOR_SANITIZER_NULLABILITY = YES;
				CLANG_WARN_ASSIGN_ENUM = YES;
				CLANG_WARN_COMMA = YES;
				CLANG_WARN_EMPTY_BODY = YES;
				CLANG_WARN_IMPLICIT_SIGN_CONVERSION = YES;
				CLANG_WARN_INFINITE_RECURSION = YES;
				CLANG_WARN_RANGE_LOOP_ANALYSIS = YES;
				CLANG_WARN_SEMICOLON_BEFORE_METHOD_BODY = YES;
				CLANG_WARN_STRICT_PROTOTYPES = YES;
				CLANG_WARN_SUSPICIOUS_IMPLICIT_CONVERSION = YES;
				CLANG_WARN_SUSPICIOUS_MOVE = YES;
				CLANG_WARN_UNREACHABLE_CODE = YES;
				CLANG_WARN__DUPLICATE_METHOD_MATCH = YES;
				DEBUG_INFORMATION_FORMAT = "dwarf-with-dsym";
				ENABLE_NS_ASSERTIONS = NO;
				GCC_WARN_64_TO_32_BIT_CONVERSION = YES;
				GCC_WARN_ABOUT_MISSING_FIELD_INITIALIZERS = YES;
				GCC_WARN_ABOUT_MISSING_NEWLINE = YES;
				GCC_WARN_ABOUT_MISSING_PROTOTYPES = YES;
				GCC_WARN_ABOUT_RETURN_TYPE = YES;
				GCC_WARN_FOUR_CHARACTER_CONSTANTS = YES;
				GCC_WARN_HIDDEN_VIRTUAL_FUNCTIONS = YES;
				GCC_WARN_INHIBIT_ALL_WARNINGS = YES;
				GCC_WARN_INITIALIZER_NOT_FULLY_BRACKETED = YES;
				GCC_WARN_PEDANTIC = YES;
				GCC_WARN_SHADOW = YES;
				GCC_WARN_SIGN_COMPARE = YES;
				GCC_WARN_UNDECLARED_SELECTOR = YES;
				GCC_WARN_UNINITIALIZED_AUTOS = YES_AGGRESSIVE;
				GCC_WARN_UNKNOWN_PRAGMAS = YES;
				GCC_WARN_UNUSED_FUNCTION = YES;
				GCC_WARN_UNUSED_LABEL = YES;
				GCC_WARN_UNUSED_PARAMETER = YES;
				GCC_WARN_UNUSED_VARIABLE = YES;
				HEADER_SEARCH_PATHS = ../engine/;
			};
			name = Release;
		};
		304A8E1F1C237B96008B1151 /* Debug */ = {
			isa = XCBuildConfiguration;
			buildSettings = {
				ASSETCATALOG_COMPILER_APPICON_NAME = AppIcon;
				INFOPLIST_FILE = macos/Info.plist;
				MACOSX_DEPLOYMENT_TARGET = 10.9;
				PRODUCT_BUNDLE_IDENTIFIER = org.ouzel.samples;
				PRODUCT_NAME = samples_macos;
				SDKROOT = macosx;
			};
			name = Debug;
		};
		304A8E201C237B96008B1151 /* Release */ = {
			isa = XCBuildConfiguration;
			buildSettings = {
				ASSETCATALOG_COMPILER_APPICON_NAME = AppIcon;
				INFOPLIST_FILE = macos/Info.plist;
				MACOSX_DEPLOYMENT_TARGET = 10.9;
				PRODUCT_BUNDLE_IDENTIFIER = org.ouzel.samples;
				PRODUCT_NAME = samples_macos;
				SDKROOT = macosx;
			};
			name = Release;
		};
/* End XCBuildConfiguration section */

/* Begin XCConfigurationList section */
		303B761D1C34CFE300FEDE92 /* Build configuration list for PBXNativeTarget "samples_ios" */ = {
			isa = XCConfigurationList;
			buildConfigurations = (
				303B761E1C34CFE300FEDE92 /* Debug */,
				303B761F1C34CFE300FEDE92 /* Release */,
			);
			defaultConfigurationIsVisible = 0;
			defaultConfigurationName = Release;
		};
		303B769D1C355AA400FEDE92 /* Build configuration list for PBXNativeTarget "samples_tvos" */ = {
			isa = XCConfigurationList;
			buildConfigurations = (
				303B769E1C355AA400FEDE92 /* Debug */,
				303B769F1C355AA400FEDE92 /* Release */,
			);
			defaultConfigurationIsVisible = 0;
			defaultConfigurationName = Release;
		};
		304A8E051C237B95008B1151 /* Build configuration list for PBXProject "samples" */ = {
			isa = XCConfigurationList;
			buildConfigurations = (
				304A8E1C1C237B96008B1151 /* Debug */,
				304A8E1D1C237B96008B1151 /* Release */,
			);
			defaultConfigurationIsVisible = 0;
			defaultConfigurationName = Release;
		};
		304A8E1E1C237B96008B1151 /* Build configuration list for PBXNativeTarget "samples_macos" */ = {
			isa = XCConfigurationList;
			buildConfigurations = (
				304A8E1F1C237B96008B1151 /* Debug */,
				304A8E201C237B96008B1151 /* Release */,
			);
			defaultConfigurationIsVisible = 0;
			defaultConfigurationName = Release;
		};
/* End XCConfigurationList section */
	};
	rootObject = 304A8E021C237B95008B1151 /* Project object */;
}
