<?xml version="1.0" encoding="utf-8"?>
<Project ToolsVersion="4.0" xmlns="http://schemas.microsoft.com/developer/msbuild/2003">
  <ItemGroup>
    <ClCompile Include="AnimationsSample.cpp" />
    <ClCompile Include="GameSample.cpp" />
    <ClCompile Include="GUISample.cpp" />
    <ClCompile Include="InputSample.cpp" />
    <ClCompile Include="main.cpp" />
    <ClCompile Include="MainMenu.cpp" />
    <ClCompile Include="PerspectiveSample.cpp" />
    <ClCompile Include="RTSample.cpp" />
    <ClCompile Include="SoundSample.cpp" />
    <ClCompile Include="SpritesSample.cpp" />
  </ItemGroup>
  <ItemGroup>
    <ClInclude Include="AnimationsSample.hpp" />
    <ClInclude Include="GameSample.hpp" />
    <ClInclude Include="GUISample.hpp" />
    <ClInclude Include="InputSample.hpp" />
    <ClInclude Include="MainMenu.hpp" />
    <ClInclude Include="PerspectiveSample.hpp" />
    <ClInclude Include="RTSample.hpp" />
    <ClInclude Include="SoundSample.hpp" />
    <ClInclude Include="SpritesSample.hpp" />
    <ClInclude Include="windows\resource.h">
      <Filter>windows</Filter>
    </ClInclude>
  </ItemGroup>
  <ItemGroup>
    <ResourceCompile Include="windows\samples.rc">
      <Filter>windows</Filter>
    </ResourceCompile>
  </ItemGroup>
  <ItemGroup>
    <Image Include="windows\icon1.ico">
      <Filter>windows</Filter>
    </Image>
  </ItemGroup>
  <ItemGroup>
    <Filter Include="windows">
      <UniqueIdentifier>{14a6027d-4cee-4791-b7eb-0dd111e11b91}</UniqueIdentifier>
    </Filter>
  </ItemGroup>
</Project>