<?xml version="1.0" encoding="utf-8"?>
<Project ToolsVersion="15.0" xmlns="http://schemas.microsoft.com/developer/msbuild/2003">
  <ItemGroup>
    <ClCompile Include="AnimationsSample.cpp" />
    <ClCompile Include="GameSample.cpp" />
    <ClCompile Include="GUISample.cpp" />
    <ClCompile Include="InputSample.cpp" />
    <ClCompile Include="main.cpp" />
    <ClCompile Include="MainMenu.cpp" />
    <ClCompile Include="PerspectiveSample.cpp" />
    <ClCompile Include="RTSample.cpp" />
    <ClCompile Include="SoundSample.cpp" />
    <ClCompile Include="SpritesSample.cpp" />
  </ItemGroup>
  <ItemGroup>
    <ClInclude Include="AnimationsSample.hpp" />
    <ClInclude Include="GameSample.hpp" />
    <ClInclude Include="GUISample.hpp" />
    <ClInclude Include="InputSample.hpp" />
    <ClInclude Include="MainMenu.hpp" />
    <ClInclude Include="PerspectiveSample.hpp" />
    <ClInclude Include="RTSample.hpp" />
    <ClInclude Include="SoundSample.hpp" />
    <ClInclude Include="SpritesSample.hpp" />
    <ClInclude Include="windows\resource.h">
      <Filter>windows</Filter>
    </ClInclude>
  </ItemGroup>
  <ItemGroup>
    <ResourceCompile Include="windows\samples.rc">
      <Filter>windows</Filter>
    </ResourceCompile>
  </ItemGroup>
  <ItemGroup>
    <Image Include="windows\icon1.ico">
      <Filter>windows</Filter>
    </Image>
  </ItemGroup>
  <ItemGroup>
    <Filter Include="windows">
      <UniqueIdentifier>{14a6027d-4cee-4791-b7eb-0dd111e11b91}</UniqueIdentifier>
    </Filter>
    <Filter Include="Resources">
      <UniqueIdentifier>{e05c9abe-3ac2-4d15-ac81-cdb5330f767b}</UniqueIdentifier>
    </Filter>
  </ItemGroup>
  <ItemGroup>
    <CopyFileToFolders Include="Resources\arrow.png" />
    <CopyFileToFolders Include="Resources\ball.png" />
    <CopyFileToFolders Include="Resources\cube.png" />
    <CopyFileToFolders Include="Resources\cursor.png" />
    <CopyFileToFolders Include="Resources\fire.png" />
    <CopyFileToFolders Include="Resources\flame.png" />
    <CopyFileToFolders Include="Resources\floor.jpg" />
    <CopyFileToFolders Include="Resources\run.png" />
    <CopyFileToFolders Include="Resources\triangle.png" />
    <CopyFileToFolders Include="Resources\witch.png" />
    <CopyFileToFolders Include="Resources\8-bit.json" />
    <CopyFileToFolders Include="Resources\assets.json" />
    <CopyFileToFolders Include="Resources\cube.mtl" />
    <CopyFileToFolders Include="Resources\fire.json" />
    <CopyFileToFolders Include="Resources\flame.json" />
    <CopyFileToFolders Include="Resources\gui.zip" />
    <CopyFileToFolders Include="Resources\lv.mo" />
    <CopyFileToFolders Include="Resources\music.ogg" />
    <CopyFileToFolders Include="Resources\run.json" />
    <CopyFileToFolders Include="Resources\triangle.json" />
    <CopyFileToFolders Include="Resources\24-bit.wav" />
    <CopyFileToFolders Include="Resources\8-bit.wav" />
    <CopyFileToFolders Include="Resources\ambient.wav" />
    <CopyFileToFolders Include="Resources\jump.wav" />
    <CopyFileToFolders Include="Resources\AmosisTechnik.ttf" />
    <CopyFileToFolders Include="Resources\cube.obj" />
    <CopyFileToFolders Include="settings.ini" />
  </ItemGroup>
</Project>