<?xml version="1.0" encoding="utf-8"?>
<Project ToolsVersion="15.0" xmlns="http://schemas.microsoft.com/developer/msbuild/2003">
  <ItemGroup>
    <ClInclude Include="ouzel\Platform.hpp" />
    <ClInclude Include="ouzel\Project.hpp" />
    <ClInclude Include="ouzel\Target.hpp" />
    <ClInclude Include="ouzel\xcode\PBXBuildFile.hpp">
      <Filter>xcode</Filter>
    </ClInclude>
    <ClInclude Include="ouzel\xcode\PBXBuildPhase.hpp">
      <Filter>xcode</Filter>
    </ClInclude>
    <ClInclude Include="ouzel\xcode\PBXContainerItemProxy.hpp">
      <Filter>xcode</Filter>
    </ClInclude>
    <ClInclude Include="ouzel\xcode\PBXFileElement.hpp">
      <Filter>xcode</Filter>
    </ClInclude>
    <ClInclude Include="ouzel\xcode\PBXFileReference.hpp">
      <Filter>xcode</Filter>
    </ClInclude>
    <ClInclude Include="ouzel\xcode\PBXFileType.hpp">
      <Filter>xcode</Filter>
    </ClInclude>
    <ClInclude Include="ouzel\xcode\PBXFrameworksBuildPhase.hpp">
      <Filter>xcode</Filter>
    </ClInclude>
    <ClInclude Include="ouzel\xcode\PBXGroup.hpp">
      <Filter>xcode</Filter>
    </ClInclude>
    <ClInclude Include="ouzel\xcode\PBXLegacyTarget.hpp">
      <Filter>xcode</Filter>
    </ClInclude>
    <ClInclude Include="ouzel\xcode\PBXNativeTarget.hpp">
      <Filter>xcode</Filter>
    </ClInclude>
    <ClInclude Include="ouzel\xcode\PBXObject.hpp">
      <Filter>xcode</Filter>
    </ClInclude>
    <ClInclude Include="ouzel\xcode\PBXProject.hpp">
      <Filter>xcode</Filter>
    </ClInclude>
    <ClInclude Include="ouzel\xcode\PBXReferenceProxy.hpp">
      <Filter>xcode</Filter>
    </ClInclude>
    <ClInclude Include="ouzel\xcode\PBXResourcesBuildPhase.hpp">
      <Filter>xcode</Filter>
    </ClInclude>
    <ClInclude Include="ouzel\xcode\PBXShellScriptBuildPhase.hpp">
      <Filter>xcode</Filter>
    </ClInclude>
    <ClInclude Include="ouzel\xcode\PBXSourcesBuildPhase.hpp">
      <Filter>xcode</Filter>
    </ClInclude>
    <ClInclude Include="ouzel\xcode\PBXSourceTree.hpp">
      <Filter>xcode</Filter>
    </ClInclude>
    <ClInclude Include="ouzel\xcode\PBXTarget.hpp">
      <Filter>xcode</Filter>
    </ClInclude>
    <ClInclude Include="ouzel\xcode\PBXTargetDependency.hpp">
      <Filter>xcode</Filter>
    </ClInclude>
    <ClInclude Include="ouzel\xcode\BuildSystem.hpp">
      <Filter>xcode</Filter>
    </ClInclude>
    <ClInclude Include="ouzel\xcode\XCBuildConfiguration.hpp">
      <Filter>xcode</Filter>
    </ClInclude>
    <ClInclude Include="ouzel\xcode\XCConfigurationList.hpp">
      <Filter>xcode</Filter>
    </ClInclude>
    <ClInclude Include="ouzel\xcode\XcodeProject.hpp">
      <Filter>xcode</Filter>
    </ClInclude>
    <ClInclude Include="ouzel\visualstudio\BuildSystem.hpp">
      <Filter>visualstudio</Filter>
    </ClInclude>
    <ClInclude Include="ouzel\visualstudio\Solution.hpp">
      <Filter>visualstudio</Filter>
    </ClInclude>
    <ClInclude Include="ouzel\visualstudio\VcxProject.hpp">
      <Filter>visualstudio</Filter>
    </ClInclude>
    <ClInclude Include="ouzel\visualstudio\VcxProjectFilters.hpp">
      <Filter>visualstudio</Filter>
    </ClInclude>
    <ClInclude Include="ouzel\makefile\BuildSystem.hpp">
      <Filter>makefile</Filter>
    </ClInclude>
  </ItemGroup>
  <ItemGroup>
    <ClCompile Include="ouzel\main.cpp" />
  </ItemGroup>
  <ItemGroup>
    <Filter Include="xcode">
      <UniqueIdentifier>{b458172e-6149-4dab-8c51-318df5527f03}</UniqueIdentifier>
    </Filter>
    <Filter Include="visualstudio">
      <UniqueIdentifier>{605c9831-0536-466f-8cdf-9d2ed593465b}</UniqueIdentifier>
    </Filter>
    <Filter Include="makefile">
      <UniqueIdentifier>{7bd6bd57-0d15-474d-8356-b8d8795ce1ee}</UniqueIdentifier>
    </Filter>
  </ItemGroup>
</Project>